<?xml version="1.0" encoding="UTF-8"?>
<Scheme
   LastUpgradeVersion = "1150"
   version = "1.3">
   <BuildAction
      parallelizeBuildables = "YES"
      buildImplicitDependencies = "YES">
      <BuildActionEntries>
         <BuildActionEntry
            buildForTesting = "YES"
            buildForRunning = "YES"
            buildForProfiling = "YES"
            buildForArchiving = "YES"
            buildForAnalyzing = "YES">
            <BuildableReference
               BuildableIdentifier = "primary"
               BlueprintIdentifier = "B3D70D32248A2FE900A1A247"
               BuildableName = "Pryv Lab.app"
               BlueprintName = "PryvApiSwiftKitExample"
               ReferencedContainer = "container:PryvApiSwiftKitExample.xcodeproj">
            </BuildableReference>
         </BuildActionEntry>
      </BuildActionEntries>
   </BuildAction>
   <TestAction
      buildConfiguration = "Debug"
      selectedDebuggerIdentifier = "Xcode.DebuggerFoundation.Debugger.LLDB"
      selectedLauncherIdentifier = "Xcode.DebuggerFoundation.Launcher.LLDB"
      shouldUseLaunchSchemeArgsEnv = "YES">
      <Testables>
         <TestableReference
            skipped = "NO">
            <BuildableReference
               BuildableIdentifier = "primary"
               BlueprintIdentifier = "B3D70D48248A2FEA00A1A247"
               BuildableName = "PryvApiSwiftKitExampleTests.xctest"
               BlueprintName = "PryvApiSwiftKitExampleTests"
               ReferencedContainer = "container:PryvApiSwiftKitExample.xcodeproj">
            </BuildableReference>
            <SkippedTests>
               <Test
                  Identifier = "PryvApiSwiftKitExampleTests">
               </Test>
            </SkippedTests>
         </TestableReference>
         <TestableReference
            skipped = "NO">
            <BuildableReference
               BuildableIdentifier = "primary"
               BlueprintIdentifier = "B3D70D53248A2FEA00A1A247"
               BuildableName = "PryvApiSwiftKitExampleUITests.xctest"
               BlueprintName = "PryvApiSwiftKitExampleUITests"
               ReferencedContainer = "container:PryvApiSwiftKitExample.xcodeproj">
            </BuildableReference>
         </TestableReference>
      </Testables>
   </TestAction>
   <LaunchAction
      buildConfiguration = "Debug"
      selectedDebuggerIdentifier = "Xcode.DebuggerFoundation.Debugger.LLDB"
      selectedLauncherIdentifier = "Xcode.DebuggerFoundation.Launcher.LLDB"
      launchStyle = "0"
      useCustomWorkingDirectory = "NO"
      ignoresPersistentStateOnLaunch = "NO"
      debugDocumentVersioning = "YES"
      debugServiceExtension = "internal"
      allowLocationSimulation = "YES">
      <BuildableProductRunnable
         runnableDebuggingMode = "0">
         <BuildableReference
            BuildableIdentifier = "primary"
            BlueprintIdentifier = "B3D70D32248A2FE900A1A247"
            BuildableName = "Pryv Lab.app"
            BlueprintName = "PryvApiSwiftKitExample"
            ReferencedContainer = "container:PryvApiSwiftKitExample.xcodeproj">
         </BuildableReference>
      </BuildableProductRunnable>
   </LaunchAction>
   <ProfileAction
      buildConfiguration = "Release"
      shouldUseLaunchSchemeArgsEnv = "YES"
      savedToolIdentifier = ""
      useCustomWorkingDirectory = "NO"
      debugDocumentVersioning = "YES">
      <BuildableProductRunnable
         runnableDebuggingMode = "0">
         <BuildableReference
            BuildableIdentifier = "primary"
            BlueprintIdentifier = "B3D70D32248A2FE900A1A247"
            BuildableName = "Pryv Lab.app"
            BlueprintName = "PryvApiSwiftKitExample"
            ReferencedContainer = "container:PryvApiSwiftKitExample.xcodeproj">
         </BuildableReference>
      </BuildableProductRunnable>
   </ProfileAction>
   <AnalyzeAction
      buildConfiguration = "Debug">
   </AnalyzeAction>
   <ArchiveAction
      buildConfiguration = "Release"
      revealArchiveInOrganizer = "YES">
   </ArchiveAction>
</Scheme>
