PODS:
  - Alamofire (5.2.1)
  - FileBrowser (1.0.0)
  - KeychainSwift (19.0.0)
  - Mocker (2.2.0)
  - PryvApiSwiftKit (0.1.2):
    - Alamofire
    - Mocker
    - Socket.IO-Client-Swift
  - RLBAlertsPickers (1.1.2)
  - Socket.IO-Client-Swift (15.2.0):
    - Starscream (~> 3.1)
  - Starscream (3.1.1)

DEPENDENCIES:
  - FileBrowser (~> 1.0)
  - KeychainSwift
  - PryvApiSwiftKit (from `https://github.com/pryv/lib-swift.git`, branch `socket-io`)
  - RLBAlertsPickers (~> 1.1.1)

SPEC REPOS:
  https://github.com/CocoaPods/Specs.git:
    - Alamofire
    - FileBrowser
    - KeychainSwift
    - Mocker
    - RLBAlertsPickers
    - Socket.IO-Client-Swift
    - Starscream

EXTERNAL SOURCES:
  PryvApiSwiftKit:
    :branch: socket-io
    :git: https://github.com/pryv/lib-swift.git

CHECKOUT OPTIONS:
  PryvApiSwiftKit:
    :commit: ab6f518ac1ec77e9ac0eb32dc23c2c0215ed3bef
    :git: https://github.com/pryv/lib-swift.git

SPEC CHECKSUMS:
  Alamofire: e911732990610fe89af59ac0077f923d72dc3dfd
  FileBrowser: 2ca91ff61c9ea09665eb3b8f9e64a7a77e66a0bf
  KeychainSwift: a06190cf933ad46b1e0abc3d77d29c06331715c7
  Mocker: d0ceb340eddd5c28539a691ce67d068674cef9a0
  PryvApiSwiftKit: fdf5f9087c9608f625b3ab0e4c9ce0829ec052c1
  RLBAlertsPickers: 2548943b0cb16620904cbd926a645362d1b43963
  Socket.IO-Client-Swift: 1e3e3a1f09f3312a167f0d781eb2f383d477357c
  Starscream: 4bb2f9942274833f7b4d296a55504dcfc7edb7b0

PODFILE CHECKSUM: 5b125253760adb89bb4fe79b9ad69bd852467fa5

COCOAPODS: 1.8.4
