PODS:
  - FileBrowser (1.0.0)
  - KeychainSwift (19.0.0)
  - Mocker (2.2.0)
  - PryvApiSwiftKit (0.1.2):
    - Mocker

DEPENDENCIES:
  - FileBrowser (~> 1.0)
  - KeychainSwift
  - PryvApiSwiftKit (from `https://github.com/pryv/lib-swift.git`, branch `show-event-content`)

SPEC REPOS:
  https://github.com/CocoaPods/Specs.git:
    - FileBrowser
    - KeychainSwift
    - Mocker

EXTERNAL SOURCES:
  PryvApiSwiftKit:
    :branch: show-event-content
    :git: https://github.com/pryv/lib-swift.git

CHECKOUT OPTIONS:
  PryvApiSwiftKit:
    :commit: 9be15d60e8bf200a19b034e1d6609cedc66a435b
    :git: https://github.com/pryv/lib-swift.git

SPEC CHECKSUMS:
  FileBrowser: 2ca91ff61c9ea09665eb3b8f9e64a7a77e66a0bf
  KeychainSwift: a06190cf933ad46b1e0abc3d77d29c06331715c7
  Mocker: d0ceb340eddd5c28539a691ce67d068674cef9a0
  PryvApiSwiftKit: 20e85e814b3d66e4aad95c18a045d042577d2c25

PODFILE CHECKSUM: 9e5672f2673bd04929756767b1686607a8cf5f15

COCOAPODS: 1.8.4
