PODS:
  - Alamofire (5.10.2)
  - HealthKitBridge (0.1.1):
    - PryvSwiftKit
  - KeychainSwift (20.0.0)
  - PromisesObjC (2.4.0)
  - PromisesSwift (2.4.0):
    - PromisesObjC (= 2.4.0)
  - PryvSwiftKit (2.1.1):
    - Alamofire
    - PromisesSwift
    - Socket.IO-Client-Swift
  - RLBAlertsPickers (3.0)
  - Socket.IO-Client-Swift (16.0.1):
    - Starscream (~> 4.0)
  - Starscream (4.0.4)

DEPENDENCIES:
  - HealthKitBridge (from `https://github.com/pryv/poc-integration-healthkit`, branch `master`)
  - KeychainSwift
  - PryvSwiftKit (from `https://github.com/pryv/lib-swift.git`, branch `master`)
  - RLBAlertsPickers (from `https://github.com/jbouaziz/Alerts-Pickers.git`, branch `master`)

SPEC REPOS:
  https://github.com/CocoaPods/Specs.git:
    - Alamofire
    - KeychainSwift
    - PromisesObjC
    - PromisesSwift
    - Socket.IO-Client-Swift
    - Starscream

EXTERNAL SOURCES:
  HealthKitBridge:
    :branch: master
    :git: https://github.com/pryv/poc-integration-healthkit
  PryvSwiftKit:
    :branch: master
    :git: https://github.com/pryv/lib-swift.git
  RLBAlertsPickers:
    :branch: master
    :git: https://github.com/jbouaziz/Alerts-Pickers.git

CHECKOUT OPTIONS:
  HealthKitBridge:
    :commit: e83647619f7b38248e453bdd69472a9bb2aea92f
    :git: https://github.com/pryv/poc-integration-healthkit
  PryvSwiftKit:
    :commit: cbf578334e8735992dfd35e42dfcbe03501abe50
    :git: https://github.com/pryv/lib-swift.git
  RLBAlertsPickers:
    :commit: 857704cc4a765aaca9bcbef09f0a9da85ec4cf6d
    :git: https://github.com/jbouaziz/Alerts-Pickers.git

SPEC CHECKSUMS:
  Alamofire: 7193b3b92c74a07f85569e1a6c4f4237291e7496
  HealthKitBridge: 92beb4705a3798e2fb60fecdc017e805127bf363
  KeychainSwift: 0ce6a4d13f7228054d1a71bb1b500448fb2ab837
  PromisesObjC: f5707f49cb48b9636751c5b2e7d227e43fba9f47
  PromisesSwift: 9d77319bbe72ebf6d872900551f7eeba9bce2851
  PryvSwiftKit: f35747ac55aa9d4fff09a4b4a6b56204dda24465
  RLBAlertsPickers: 23ecf2d15b1ab8eb6d30c18ea9882fc49599876a
  Socket.IO-Client-Swift: c116d6dc9fd6be9c259bacfe143f8725bce7d79e
  Starscream: 5178aed56b316f13fa3bc55694e583d35dd414d9

PODFILE CHECKSUM: 8dda9a732d7bc6e4cc355301635e897af00c3dfb

COCOAPODS: 1.16.2
