// !$*UTF8*$!
{
	archiveVersion = 1;
	classes = {
	};
	objectVersion = 51;
	objects = {

/* Begin PBXBuildFile section */
		38A63D28D1CBD7AE269D285F /* Pods_Example_ExampleUITests.framework in Frameworks */ = {isa = PBXBuildFile; fileRef = 50711E9D73964772FCD336B6 /* Pods_Example_ExampleUITests.framework */; };
		B306FCEA24A47642008F23A2 /* Date+startOf+endOf.swift in Sources */ = {isa = PBXBuildFile; fileRef = B306FCE924A47642008F23A2 /* Date+startOf+endOf.swift */; };
		B32BE2A824C5CEC2008FE6EC /* String+condenseWhitespaces.swift in Sources */ = {isa = PBXBuildFile; fileRef = B32BE2A724C5CEC1008FE6EC /* String+condenseWhitespaces.swift */; };
		B346764E24BC7D8800FCD0C6 /* README.md in Resources */ = {isa = PBXBuildFile; fileRef = B346764C24BC7D8800FCD0C6 /* README.md */; };
		B346764F24BC7D8800FCD0C6 /* DESIGNDOC.md in Resources */ = {isa = PBXBuildFile; fileRef = B346764D24BC7D8800FCD0C6 /* DESIGNDOC.md */; };
		B346765124BC7D9A00FCD0C6 /* LICENSE in Resources */ = {isa = PBXBuildFile; fileRef = B346765024BC7D9A00FCD0C6 /* LICENSE */; };
		B387CC8C2499F345005878DB /* ConnectionListTableViewController.swift in Sources */ = {isa = PBXBuildFile; fileRef = B387CC8B2499F345005878DB /* ConnectionListTableViewController.swift */; };
		B3907DA524A0A7BA009FCE28 /* ConnectionTabBarViewController.swift in Sources */ = {isa = PBXBuildFile; fileRef = B3907DA424A0A7BA009FCE28 /* ConnectionTabBarViewController.swift */; };
		B3907DA724A0B1C0009FCE28 /* ConnectionMapViewController.swift in Sources */ = {isa = PBXBuildFile; fileRef = B3907DA624A0B1C0009FCE28 /* ConnectionMapViewController.swift */; };
		B3907DAD24A0FDEA009FCE28 /* ConnectionMapUITests.swift in Sources */ = {isa = PBXBuildFile; fileRef = B3907DAC24A0FDEA009FCE28 /* ConnectionMapUITests.swift */; };
		B3946F1E24B60DC7000DFDA3 /* Settings.bundle in Resources */ = {isa = PBXBuildFile; fileRef = B3946F1D24B60DC7000DFDA3 /* Settings.bundle */; };
		B3B2FF92248A4A4E00F6D0A2 /* WebKit.framework in Frameworks */ = {isa = PBXBuildFile; fileRef = B3B2FF91248A4A4E00F6D0A2 /* WebKit.framework */; };
		B3B9220324BC8F7E002C724F /* HealthKit.framework in Frameworks */ = {isa = PBXBuildFile; fileRef = B3B9220224BC8F7E002C724F /* HealthKit.framework */; };
		B3C51E7C248A36B700F1D398 /* AuthViewController.swift in Sources */ = {isa = PBXBuildFile; fileRef = B3C51E7B248A36B700F1D398 /* AuthViewController.swift */; };
		B3D6FC9624924F3F00DB90D3 /* UIAlertController+newEventAlert.swift in Sources */ = {isa = PBXBuildFile; fileRef = B3D6FC9524924F3F00DB90D3 /* UIAlertController+newEventAlert.swift */; };
		B3D70D37248A2FE900A1A247 /* AppDelegate.swift in Sources */ = {isa = PBXBuildFile; fileRef = B3D70D36248A2FE900A1A247 /* AppDelegate.swift */; };
		B3D70D39248A2FE900A1A247 /* SceneDelegate.swift in Sources */ = {isa = PBXBuildFile; fileRef = B3D70D38248A2FE900A1A247 /* SceneDelegate.swift */; };
		B3D70D3B248A2FE900A1A247 /* MainViewController.swift in Sources */ = {isa = PBXBuildFile; fileRef = B3D70D3A248A2FE900A1A247 /* MainViewController.swift */; };
		B3D70D3E248A2FE900A1A247 /* Main.storyboard in Resources */ = {isa = PBXBuildFile; fileRef = B3D70D3C248A2FE900A1A247 /* Main.storyboard */; };
		B3D70D40248A2FEA00A1A247 /* Assets.xcassets in Resources */ = {isa = PBXBuildFile; fileRef = B3D70D3F248A2FEA00A1A247 /* Assets.xcassets */; };
		B3D70D43248A2FEA00A1A247 /* LaunchScreen.storyboard in Resources */ = {isa = PBXBuildFile; fileRef = B3D70D41248A2FEA00A1A247 /* LaunchScreen.storyboard */; };
		B3D70D59248A2FEA00A1A247 /* ServiceInfoUITests.swift in Sources */ = {isa = PBXBuildFile; fileRef = B3D70D58248A2FEA00A1A247 /* ServiceInfoUITests.swift */; };
		B3E03997249355E000B9DE6C /* sample.pdf in Resources */ = {isa = PBXBuildFile; fileRef = B3E03996249355E000B9DE6C /* sample.pdf */; };
		B3E03998249355E000B9DE6C /* sample.pdf in Resources */ = {isa = PBXBuildFile; fileRef = B3E03996249355E000B9DE6C /* sample.pdf */; };
		B3E0399F24936AED00B9DE6C /* ConnectionListUITests.swift in Sources */ = {isa = PBXBuildFile; fileRef = B3D6FC9724925EB000DB90D3 /* ConnectionListUITests.swift */; };
		BA052F1599EBE15C70462BDF /* Pods_Example.framework in Frameworks */ = {isa = PBXBuildFile; fileRef = 3C5ABB35B5569156B98687A3 /* Pods_Example.framework */; };
/* End PBXBuildFile section */

/* Begin PBXContainerItemProxy section */
		B3D70D55248A2FEA00A1A247 /* PBXContainerItemProxy */ = {
			isa = PBXContainerItemProxy;
			containerPortal = B3D70D2B248A2FE900A1A247 /* Project object */;
			proxyType = 1;
			remoteGlobalIDString = B3D70D32248A2FE900A1A247;
			remoteInfo = PryvApiSwiftKitExample;
		};
/* End PBXContainerItemProxy section */

/* Begin PBXCopyFilesBuildPhase section */
		B342C4FF24BCABAD00AA73E1 /* Embed Frameworks */ = {
			isa = PBXCopyFilesBuildPhase;
			buildActionMask = 2147483647;
			dstPath = "";
			dstSubfolderSpec = 10;
			files = (
			);
			name = "Embed Frameworks";
			runOnlyForDeploymentPostprocessing = 0;
		};
/* End PBXCopyFilesBuildPhase section */

/* Begin PBXFileReference section */
		3C5ABB35B5569156B98687A3 /* Pods_Example.framework */ = {isa = PBXFileReference; explicitFileType = wrapper.framework; includeInIndex = 0; path = Pods_Example.framework; sourceTree = BUILT_PRODUCTS_DIR; };
		4EF614F12608B4E100EFBB3D /* XCTest.framework */ = {isa = PBXFileReference; lastKnownFileType = wrapper.framework; name = XCTest.framework; path = Platforms/iPhoneOS.platform/Developer/Library/Frameworks/XCTest.framework; sourceTree = DEVELOPER_DIR; };
		50711E9D73964772FCD336B6 /* Pods_Example_ExampleUITests.framework */ = {isa = PBXFileReference; explicitFileType = wrapper.framework; includeInIndex = 0; path = Pods_Example_ExampleUITests.framework; sourceTree = BUILT_PRODUCTS_DIR; };
		54004467DC35232A77353A2B /* Pods-Example.release.xcconfig */ = {isa = PBXFileReference; includeInIndex = 1; lastKnownFileType = text.xcconfig; name = "Pods-Example.release.xcconfig"; path = "Target Support Files/Pods-Example/Pods-Example.release.xcconfig"; sourceTree = "<group>"; };
		772B200F161BFD4ECBE80FE3 /* Pods-Example.debug.xcconfig */ = {isa = PBXFileReference; includeInIndex = 1; lastKnownFileType = text.xcconfig; name = "Pods-Example.debug.xcconfig"; path = "Target Support Files/Pods-Example/Pods-Example.debug.xcconfig"; sourceTree = "<group>"; };
		9AF8F58ECFD7961B806E0FDF /* Pods-Example-ExampleUITests.release.xcconfig */ = {isa = PBXFileReference; includeInIndex = 1; lastKnownFileType = text.xcconfig; name = "Pods-Example-ExampleUITests.release.xcconfig"; path = "Target Support Files/Pods-Example-ExampleUITests/Pods-Example-ExampleUITests.release.xcconfig"; sourceTree = "<group>"; };
		B306FCE924A47642008F23A2 /* Date+startOf+endOf.swift */ = {isa = PBXFileReference; lastKnownFileType = sourcecode.swift; path = "Date+startOf+endOf.swift"; sourceTree = "<group>"; };
		B32BE2A724C5CEC1008FE6EC /* String+condenseWhitespaces.swift */ = {isa = PBXFileReference; fileEncoding = 4; lastKnownFileType = sourcecode.swift; path = "String+condenseWhitespaces.swift"; sourceTree = "<group>"; };
		B346764C24BC7D8800FCD0C6 /* README.md */ = {isa = PBXFileReference; fileEncoding = 4; lastKnownFileType = net.daringfireball.markdown; path = README.md; sourceTree = "<group>"; };
		B346764D24BC7D8800FCD0C6 /* DESIGNDOC.md */ = {isa = PBXFileReference; fileEncoding = 4; lastKnownFileType = net.daringfireball.markdown; path = DESIGNDOC.md; sourceTree = "<group>"; };
		B346765024BC7D9A00FCD0C6 /* LICENSE */ = {isa = PBXFileReference; fileEncoding = 4; lastKnownFileType = text; path = LICENSE; sourceTree = "<group>"; };
		B387CC8B2499F345005878DB /* ConnectionListTableViewController.swift */ = {isa = PBXFileReference; lastKnownFileType = sourcecode.swift; path = ConnectionListTableViewController.swift; sourceTree = "<group>"; };
		B3907DA424A0A7BA009FCE28 /* ConnectionTabBarViewController.swift */ = {isa = PBXFileReference; lastKnownFileType = sourcecode.swift; path = ConnectionTabBarViewController.swift; sourceTree = "<group>"; };
		B3907DA624A0B1C0009FCE28 /* ConnectionMapViewController.swift */ = {isa = PBXFileReference; lastKnownFileType = sourcecode.swift; path = ConnectionMapViewController.swift; sourceTree = "<group>"; };
		B3907DAC24A0FDEA009FCE28 /* ConnectionMapUITests.swift */ = {isa = PBXFileReference; lastKnownFileType = sourcecode.swift; name = ConnectionMapUITests.swift; path = ExampleUITests/ConnectionMapUITests.swift; sourceTree = SOURCE_ROOT; };
		B3946F1D24B60DC7000DFDA3 /* Settings.bundle */ = {isa = PBXFileReference; lastKnownFileType = "wrapper.plug-in"; path = Settings.bundle; sourceTree = "<group>"; };
		B3B2FF91248A4A4E00F6D0A2 /* WebKit.framework */ = {isa = PBXFileReference; lastKnownFileType = wrapper.framework; name = WebKit.framework; path = System/Library/Frameworks/WebKit.framework; sourceTree = SDKROOT; };
		B3B9220124BC8F7E002C724F /* Example.entitlements */ = {isa = PBXFileReference; lastKnownFileType = text.plist.entitlements; path = Example.entitlements; sourceTree = "<group>"; };
		B3B9220224BC8F7E002C724F /* HealthKit.framework */ = {isa = PBXFileReference; lastKnownFileType = wrapper.framework; name = HealthKit.framework; path = System/Library/Frameworks/HealthKit.framework; sourceTree = SDKROOT; };
		B3C51E7B248A36B700F1D398 /* AuthViewController.swift */ = {isa = PBXFileReference; lastKnownFileType = sourcecode.swift; path = AuthViewController.swift; sourceTree = "<group>"; };
		B3D6FC9524924F3F00DB90D3 /* UIAlertController+newEventAlert.swift */ = {isa = PBXFileReference; lastKnownFileType = sourcecode.swift; path = "UIAlertController+newEventAlert.swift"; sourceTree = "<group>"; };
		B3D6FC9724925EB000DB90D3 /* ConnectionListUITests.swift */ = {isa = PBXFileReference; lastKnownFileType = sourcecode.swift; path = ConnectionListUITests.swift; sourceTree = "<group>"; };
		B3D70D33248A2FE900A1A247 /* Pryv.app */ = {isa = PBXFileReference; explicitFileType = wrapper.application; includeInIndex = 0; path = Pryv.app; sourceTree = BUILT_PRODUCTS_DIR; };
		B3D70D36248A2FE900A1A247 /* AppDelegate.swift */ = {isa = PBXFileReference; lastKnownFileType = sourcecode.swift; path = AppDelegate.swift; sourceTree = "<group>"; };
		B3D70D38248A2FE900A1A247 /* SceneDelegate.swift */ = {isa = PBXFileReference; lastKnownFileType = sourcecode.swift; path = SceneDelegate.swift; sourceTree = "<group>"; };
		B3D70D3A248A2FE900A1A247 /* MainViewController.swift */ = {isa = PBXFileReference; lastKnownFileType = sourcecode.swift; path = MainViewController.swift; sourceTree = "<group>"; };
		B3D70D3D248A2FE900A1A247 /* Base */ = {isa = PBXFileReference; lastKnownFileType = file.storyboard; name = Base; path = Base.lproj/Main.storyboard; sourceTree = "<group>"; };
		B3D70D3F248A2FEA00A1A247 /* Assets.xcassets */ = {isa = PBXFileReference; lastKnownFileType = folder.assetcatalog; path = Assets.xcassets; sourceTree = "<group>"; };
		B3D70D42248A2FEA00A1A247 /* Base */ = {isa = PBXFileReference; lastKnownFileType = file.storyboard; name = Base; path = Base.lproj/LaunchScreen.storyboard; sourceTree = "<group>"; };
		B3D70D44248A2FEA00A1A247 /* Info.plist */ = {isa = PBXFileReference; lastKnownFileType = text.plist.xml; path = Info.plist; sourceTree = "<group>"; };
		B3D70D54248A2FEA00A1A247 /* ExampleUITests.xctest */ = {isa = PBXFileReference; explicitFileType = wrapper.cfbundle; includeInIndex = 0; path = ExampleUITests.xctest; sourceTree = BUILT_PRODUCTS_DIR; };
		B3D70D58248A2FEA00A1A247 /* ServiceInfoUITests.swift */ = {isa = PBXFileReference; lastKnownFileType = sourcecode.swift; path = ServiceInfoUITests.swift; sourceTree = "<group>"; };
		B3D70D5A248A2FEA00A1A247 /* Info.plist */ = {isa = PBXFileReference; lastKnownFileType = text.plist.xml; path = Info.plist; sourceTree = "<group>"; };
		B3E03996249355E000B9DE6C /* sample.pdf */ = {isa = PBXFileReference; lastKnownFileType = image.pdf; path = sample.pdf; sourceTree = "<group>"; };
		DAEF4E470F1F553D33800FD6 /* Pods-Example-ExampleUITests.debug.xcconfig */ = {isa = PBXFileReference; includeInIndex = 1; lastKnownFileType = text.xcconfig; name = "Pods-Example-ExampleUITests.debug.xcconfig"; path = "Target Support Files/Pods-Example-ExampleUITests/Pods-Example-ExampleUITests.debug.xcconfig"; sourceTree = "<group>"; };
/* End PBXFileReference section */

/* Begin PBXFrameworksBuildPhase section */
		B3D70D30248A2FE900A1A247 /* Frameworks */ = {
			isa = PBXFrameworksBuildPhase;
			buildActionMask = 2147483647;
			files = (
				B3B9220324BC8F7E002C724F /* HealthKit.framework in Frameworks */,
				B3B2FF92248A4A4E00F6D0A2 /* WebKit.framework in Frameworks */,
				BA052F1599EBE15C70462BDF /* Pods_Example.framework in Frameworks */,
			);
			runOnlyForDeploymentPostprocessing = 0;
		};
		B3D70D51248A2FEA00A1A247 /* Frameworks */ = {
			isa = PBXFrameworksBuildPhase;
			buildActionMask = 2147483647;
			files = (
				38A63D28D1CBD7AE269D285F /* Pods_Example_ExampleUITests.framework in Frameworks */,
			);
			runOnlyForDeploymentPostprocessing = 0;
		};
/* End PBXFrameworksBuildPhase section */

/* Begin PBXGroup section */
		B3D6FC8C2492366700DB90D3 /* Utils */ = {
			isa = PBXGroup;
			children = (
				B32BE2A724C5CEC1008FE6EC /* String+condenseWhitespaces.swift */,
				B3D6FC9524924F3F00DB90D3 /* UIAlertController+newEventAlert.swift */,
				B306FCE924A47642008F23A2 /* Date+startOf+endOf.swift */,
			);
			path = Utils;
			sourceTree = "<group>";
		};
		B3D70D2A248A2FE900A1A247 = {
			isa = PBXGroup;
			children = (
				B346765024BC7D9A00FCD0C6 /* LICENSE */,
				B346764D24BC7D8800FCD0C6 /* DESIGNDOC.md */,
				B346764C24BC7D8800FCD0C6 /* README.md */,
				B3D70D35248A2FE900A1A247 /* Example */,
				B3D70D57248A2FEA00A1A247 /* ExampleUITests */,
				B3D70D34248A2FE900A1A247 /* Products */,
				E05F403CBE4B2B4059166F4D /* Pods */,
				B88ED49F10945DDBD3BF09CC /* Frameworks */,
			);
			sourceTree = "<group>";
		};
		B3D70D34248A2FE900A1A247 /* Products */ = {
			isa = PBXGroup;
			children = (
				B3D70D33248A2FE900A1A247 /* Pryv.app */,
				B3D70D54248A2FEA00A1A247 /* ExampleUITests.xctest */,
			);
			name = Products;
			sourceTree = "<group>";
		};
		B3D70D35248A2FE900A1A247 /* Example */ = {
			isa = PBXGroup;
			children = (
				B3B9220124BC8F7E002C724F /* Example.entitlements */,
				B3946F1D24B60DC7000DFDA3 /* Settings.bundle */,
				B3D6FC8C2492366700DB90D3 /* Utils */,
				B3D70D36248A2FE900A1A247 /* AppDelegate.swift */,
				B3D70D38248A2FE900A1A247 /* SceneDelegate.swift */,
				B3D70D3A248A2FE900A1A247 /* MainViewController.swift */,
				B3C51E7B248A36B700F1D398 /* AuthViewController.swift */,
				B387CC8B2499F345005878DB /* ConnectionListTableViewController.swift */,
				B3907DA624A0B1C0009FCE28 /* ConnectionMapViewController.swift */,
				B3907DA424A0A7BA009FCE28 /* ConnectionTabBarViewController.swift */,
				B3D70D3C248A2FE900A1A247 /* Main.storyboard */,
				B3D70D3F248A2FEA00A1A247 /* Assets.xcassets */,
				B3D70D41248A2FEA00A1A247 /* LaunchScreen.storyboard */,
				B3D70D44248A2FEA00A1A247 /* Info.plist */,
			);
			path = Example;
			sourceTree = "<group>";
		};
		B3D70D57248A2FEA00A1A247 /* ExampleUITests */ = {
			isa = PBXGroup;
			children = (
				B3E03996249355E000B9DE6C /* sample.pdf */,
				B3D70D58248A2FEA00A1A247 /* ServiceInfoUITests.swift */,
				B3907DAC24A0FDEA009FCE28 /* ConnectionMapUITests.swift */,
				B3D6FC9724925EB000DB90D3 /* ConnectionListUITests.swift */,
				B3D70D5A248A2FEA00A1A247 /* Info.plist */,
			);
			path = ExampleUITests;
			sourceTree = "<group>";
		};
		B88ED49F10945DDBD3BF09CC /* Frameworks */ = {
			isa = PBXGroup;
			children = (
				4EF614F12608B4E100EFBB3D /* XCTest.framework */,
				B3B9220224BC8F7E002C724F /* HealthKit.framework */,
				B3B2FF91248A4A4E00F6D0A2 /* WebKit.framework */,
				3C5ABB35B5569156B98687A3 /* Pods_Example.framework */,
				50711E9D73964772FCD336B6 /* Pods_Example_ExampleUITests.framework */,
			);
			name = Frameworks;
			sourceTree = "<group>";
		};
		E05F403CBE4B2B4059166F4D /* Pods */ = {
			isa = PBXGroup;
			children = (
				772B200F161BFD4ECBE80FE3 /* Pods-Example.debug.xcconfig */,
				54004467DC35232A77353A2B /* Pods-Example.release.xcconfig */,
				DAEF4E470F1F553D33800FD6 /* Pods-Example-ExampleUITests.debug.xcconfig */,
				9AF8F58ECFD7961B806E0FDF /* Pods-Example-ExampleUITests.release.xcconfig */,
			);
			path = Pods;
			sourceTree = "<group>";
		};
/* End PBXGroup section */

/* Begin PBXNativeTarget section */
		B3D70D32248A2FE900A1A247 /* Example */ = {
			isa = PBXNativeTarget;
			buildConfigurationList = B3D70D5D248A2FEA00A1A247 /* Build configuration list for PBXNativeTarget "Example" */;
			buildPhases = (
				5C70C7661AA9DEE50A37A185 /* [CP] Check Pods Manifest.lock */,
				B3D70D2F248A2FE900A1A247 /* Sources */,
				B3D70D30248A2FE900A1A247 /* Frameworks */,
				B3D70D31248A2FE900A1A247 /* Resources */,
				B342C4FF24BCABAD00AA73E1 /* Embed Frameworks */,
				44E451A2B3DC04EF9BA8B762 /* [CP] Embed Pods Frameworks */,
			);
			buildRules = (
			);
			dependencies = (
			);
			name = Example;
			productName = PryvApiSwiftKitExample;
			productReference = B3D70D33248A2FE900A1A247 /* Pryv.app */;
			productType = "com.apple.product-type.application";
		};
		B3D70D53248A2FEA00A1A247 /* ExampleUITests */ = {
			isa = PBXNativeTarget;
			buildConfigurationList = B3D70D63248A2FEA00A1A247 /* Build configuration list for PBXNativeTarget "ExampleUITests" */;
			buildPhases = (
				667D3D12F28DACDE4E212DF0 /* [CP] Check Pods Manifest.lock */,
				B3D70D50248A2FEA00A1A247 /* Sources */,
				B3D70D51248A2FEA00A1A247 /* Frameworks */,
				B3D70D52248A2FEA00A1A247 /* Resources */,
				19FA7BFBF2D697EA570ED32B /* [CP] Embed Pods Frameworks */,
			);
			buildRules = (
			);
			dependencies = (
				B3D70D56248A2FEA00A1A247 /* PBXTargetDependency */,
			);
			name = ExampleUITests;
			productName = PryvApiSwiftKitExampleUITests;
			productReference = B3D70D54248A2FEA00A1A247 /* ExampleUITests.xctest */;
			productType = "com.apple.product-type.bundle.ui-testing";
		};
/* End PBXNativeTarget section */

/* Begin PBXProject section */
		B3D70D2B248A2FE900A1A247 /* Project object */ = {
			isa = PBXProject;
			attributes = {
				LastSwiftUpdateCheck = 1150;
				LastUpgradeCheck = 1150;
				ORGANIZATIONNAME = Pryv;
				TargetAttributes = {
					B3D70D32248A2FE900A1A247 = {
						CreatedOnToolsVersion = 11.5;
					};
					B3D70D53248A2FEA00A1A247 = {
						CreatedOnToolsVersion = 11.5;
						TestTargetID = B3D70D32248A2FE900A1A247;
					};
				};
			};
			buildConfigurationList = B3D70D2E248A2FE900A1A247 /* Build configuration list for PBXProject "Example" */;
			compatibilityVersion = "Xcode 9.3";
			developmentRegion = en;
			hasScannedForEncodings = 0;
			knownRegions = (
				en,
				Base,
			);
			mainGroup = B3D70D2A248A2FE900A1A247;
			productRefGroup = B3D70D34248A2FE900A1A247 /* Products */;
			projectDirPath = "";
			projectRoot = "";
			targets = (
				B3D70D32248A2FE900A1A247 /* Example */,
				B3D70D53248A2FEA00A1A247 /* ExampleUITests */,
			);
		};
/* End PBXProject section */

/* Begin PBXResourcesBuildPhase section */
		B3D70D31248A2FE900A1A247 /* Resources */ = {
			isa = PBXResourcesBuildPhase;
			buildActionMask = 2147483647;
			files = (
				B346764F24BC7D8800FCD0C6 /* DESIGNDOC.md in Resources */,
				B346764E24BC7D8800FCD0C6 /* README.md in Resources */,
				B346765124BC7D9A00FCD0C6 /* LICENSE in Resources */,
				B3E03997249355E000B9DE6C /* sample.pdf in Resources */,
				B3D70D43248A2FEA00A1A247 /* LaunchScreen.storyboard in Resources */,
				B3946F1E24B60DC7000DFDA3 /* Settings.bundle in Resources */,
				B3D70D40248A2FEA00A1A247 /* Assets.xcassets in Resources */,
				B3D70D3E248A2FE900A1A247 /* Main.storyboard in Resources */,
			);
			runOnlyForDeploymentPostprocessing = 0;
		};
		B3D70D52248A2FEA00A1A247 /* Resources */ = {
			isa = PBXResourcesBuildPhase;
			buildActionMask = 2147483647;
			files = (
				B3E03998249355E000B9DE6C /* sample.pdf in Resources */,
			);
			runOnlyForDeploymentPostprocessing = 0;
		};
/* End PBXResourcesBuildPhase section */

/* Begin PBXShellScriptBuildPhase section */
		19FA7BFBF2D697EA570ED32B /* [CP] Embed Pods Frameworks */ = {
			isa = PBXShellScriptBuildPhase;
			buildActionMask = 2147483647;
			files = (
			);
			inputFileListPaths = (
				"${PODS_ROOT}/Target Support Files/Pods-Example-ExampleUITests/Pods-Example-ExampleUITests-frameworks-${CONFIGURATION}-input-files.xcfilelist",
			);
			name = "[CP] Embed Pods Frameworks";
			outputFileListPaths = (
				"${PODS_ROOT}/Target Support Files/Pods-Example-ExampleUITests/Pods-Example-ExampleUITests-frameworks-${CONFIGURATION}-output-files.xcfilelist",
			);
			runOnlyForDeploymentPostprocessing = 0;
			shellPath = /bin/sh;
			shellScript = "\"${PODS_ROOT}/Target Support Files/Pods-Example-ExampleUITests/Pods-Example-ExampleUITests-frameworks.sh\"\n";
			showEnvVarsInLog = 0;
		};
		44E451A2B3DC04EF9BA8B762 /* [CP] Embed Pods Frameworks */ = {
			isa = PBXShellScriptBuildPhase;
			buildActionMask = 2147483647;
			files = (
			);
			inputFileListPaths = (
				"${PODS_ROOT}/Target Support Files/Pods-Example/Pods-Example-frameworks-${CONFIGURATION}-input-files.xcfilelist",
			);
			name = "[CP] Embed Pods Frameworks";
			outputFileListPaths = (
				"${PODS_ROOT}/Target Support Files/Pods-Example/Pods-Example-frameworks-${CONFIGURATION}-output-files.xcfilelist",
			);
			runOnlyForDeploymentPostprocessing = 0;
			shellPath = /bin/sh;
			shellScript = "\"${PODS_ROOT}/Target Support Files/Pods-Example/Pods-Example-frameworks.sh\"\n";
			showEnvVarsInLog = 0;
		};
		5C70C7661AA9DEE50A37A185 /* [CP] Check Pods Manifest.lock */ = {
			isa = PBXShellScriptBuildPhase;
			buildActionMask = 2147483647;
			files = (
			);
			inputFileListPaths = (
			);
			inputPaths = (
				"${PODS_PODFILE_DIR_PATH}/Podfile.lock",
				"${PODS_ROOT}/Manifest.lock",
			);
			name = "[CP] Check Pods Manifest.lock";
			outputFileListPaths = (
			);
			outputPaths = (
				"$(DERIVED_FILE_DIR)/Pods-Example-checkManifestLockResult.txt",
			);
			runOnlyForDeploymentPostprocessing = 0;
			shellPath = /bin/sh;
			shellScript = "diff \"${PODS_PODFILE_DIR_PATH}/Podfile.lock\" \"${PODS_ROOT}/Manifest.lock\" > /dev/null\nif [ $? != 0 ] ; then\n    # print error to STDERR\n    echo \"error: The sandbox is not in sync with the Podfile.lock. Run 'pod install' or update your CocoaPods installation.\" >&2\n    exit 1\nfi\n# This output is used by Xcode 'outputs' to avoid re-running this script phase.\necho \"SUCCESS\" > \"${SCRIPT_OUTPUT_FILE_0}\"\n";
			showEnvVarsInLog = 0;
		};
		667D3D12F28DACDE4E212DF0 /* [CP] Check Pods Manifest.lock */ = {
			isa = PBXShellScriptBuildPhase;
			buildActionMask = 2147483647;
			files = (
			);
			inputFileListPaths = (
			);
			inputPaths = (
				"${PODS_PODFILE_DIR_PATH}/Podfile.lock",
				"${PODS_ROOT}/Manifest.lock",
			);
			name = "[CP] Check Pods Manifest.lock";
			outputFileListPaths = (
			);
			outputPaths = (
				"$(DERIVED_FILE_DIR)/Pods-Example-ExampleUITests-checkManifestLockResult.txt",
			);
			runOnlyForDeploymentPostprocessing = 0;
			shellPath = /bin/sh;
			shellScript = "diff \"${PODS_PODFILE_DIR_PATH}/Podfile.lock\" \"${PODS_ROOT}/Manifest.lock\" > /dev/null\nif [ $? != 0 ] ; then\n    # print error to STDERR\n    echo \"error: The sandbox is not in sync with the Podfile.lock. Run 'pod install' or update your CocoaPods installation.\" >&2\n    exit 1\nfi\n# This output is used by Xcode 'outputs' to avoid re-running this script phase.\necho \"SUCCESS\" > \"${SCRIPT_OUTPUT_FILE_0}\"\n";
			showEnvVarsInLog = 0;
		};
/* End PBXShellScriptBuildPhase section */

/* Begin PBXSourcesBuildPhase section */
		B3D70D2F248A2FE900A1A247 /* Sources */ = {
			isa = PBXSourcesBuildPhase;
			buildActionMask = 2147483647;
			files = (
				B3D70D3B248A2FE900A1A247 /* MainViewController.swift in Sources */,
				B3907DA524A0A7BA009FCE28 /* ConnectionTabBarViewController.swift in Sources */,
				B3C51E7C248A36B700F1D398 /* AuthViewController.swift in Sources */,
				B306FCEA24A47642008F23A2 /* Date+startOf+endOf.swift in Sources */,
				B3D70D37248A2FE900A1A247 /* AppDelegate.swift in Sources */,
				B387CC8C2499F345005878DB /* ConnectionListTableViewController.swift in Sources */,
				B3907DA724A0B1C0009FCE28 /* ConnectionMapViewController.swift in Sources */,
				B3D70D39248A2FE900A1A247 /* SceneDelegate.swift in Sources */,
				B3D6FC9624924F3F00DB90D3 /* UIAlertController+newEventAlert.swift in Sources */,
				B32BE2A824C5CEC2008FE6EC /* String+condenseWhitespaces.swift in Sources */,
			);
			runOnlyForDeploymentPostprocessing = 0;
		};
		B3D70D50248A2FEA00A1A247 /* Sources */ = {
			isa = PBXSourcesBuildPhase;
			buildActionMask = 2147483647;
			files = (
				B3907DAD24A0FDEA009FCE28 /* ConnectionMapUITests.swift in Sources */,
				B3D70D59248A2FEA00A1A247 /* ServiceInfoUITests.swift in Sources */,
				B3E0399F24936AED00B9DE6C /* ConnectionListUITests.swift in Sources */,
			);
			runOnlyForDeploymentPostprocessing = 0;
		};
/* End PBXSourcesBuildPhase section */

/* Begin PBXTargetDependency section */
		B3D70D56248A2FEA00A1A247 /* PBXTargetDependency */ = {
			isa = PBXTargetDependency;
			target = B3D70D32248A2FE900A1A247 /* Example */;
			targetProxy = B3D70D55248A2FEA00A1A247 /* PBXContainerItemProxy */;
		};
/* End PBXTargetDependency section */

/* Begin PBXVariantGroup section */
		B3D70D3C248A2FE900A1A247 /* Main.storyboard */ = {
			isa = PBXVariantGroup;
			children = (
				B3D70D3D248A2FE900A1A247 /* Base */,
			);
			name = Main.storyboard;
			sourceTree = "<group>";
		};
		B3D70D41248A2FEA00A1A247 /* LaunchScreen.storyboard */ = {
			isa = PBXVariantGroup;
			children = (
				B3D70D42248A2FEA00A1A247 /* Base */,
			);
			name = LaunchScreen.storyboard;
			sourceTree = "<group>";
		};
/* End PBXVariantGroup section */

/* Begin XCBuildConfiguration section */
		B3D70D5B248A2FEA00A1A247 /* Debug */ = {
			isa = XCBuildConfiguration;
			buildSettings = {
				ALWAYS_SEARCH_USER_PATHS = NO;
				CLANG_ANALYZER_NONNULL = YES;
				CLANG_ANALYZER_NUMBER_OBJECT_CONVERSION = YES_AGGRESSIVE;
				CLANG_CXX_LANGUAGE_STANDARD = "gnu++14";
				CLANG_CXX_LIBRARY = "libc++";
				CLANG_ENABLE_MODULES = YES;
				CLANG_ENABLE_OBJC_ARC = YES;
				CLANG_ENABLE_OBJC_WEAK = YES;
				CLANG_WARN_BLOCK_CAPTURE_AUTORELEASING = YES;
				CLANG_WARN_BOOL_CONVERSION = YES;
				CLANG_WARN_COMMA = YES;
				CLANG_WARN_CONSTANT_CONVERSION = YES;
				CLANG_WARN_DEPRECATED_OBJC_IMPLEMENTATIONS = YES;
				CLANG_WARN_DIRECT_OBJC_ISA_USAGE = YES_ERROR;
				CLANG_WARN_DOCUMENTATION_COMMENTS = YES;
				CLANG_WARN_EMPTY_BODY = YES;
				CLANG_WARN_ENUM_CONVERSION = YES;
				CLANG_WARN_INFINITE_RECURSION = YES;
				CLANG_WARN_INT_CONVERSION = YES;
				CLANG_WARN_NON_LITERAL_NULL_CONVERSION = YES;
				CLANG_WARN_OBJC_IMPLICIT_RETAIN_SELF = YES;
				CLANG_WARN_OBJC_LITERAL_CONVERSION = YES;
				CLANG_WARN_OBJC_ROOT_CLASS = YES_ERROR;
				CLANG_WARN_RANGE_LOOP_ANALYSIS = YES;
				CLANG_WARN_STRICT_PROTOTYPES = YES;
				CLANG_WARN_SUSPICIOUS_MOVE = YES;
				CLANG_WARN_UNGUARDED_AVAILABILITY = YES_AGGRESSIVE;
				CLANG_WARN_UNREACHABLE_CODE = YES;
				CLANG_WARN__DUPLICATE_METHOD_MATCH = YES;
				COPY_PHASE_STRIP = NO;
				DEBUG_INFORMATION_FORMAT = dwarf;
				ENABLE_BITCODE = YES;
				ENABLE_STRICT_OBJC_MSGSEND = YES;
				ENABLE_TESTABILITY = YES;
				GCC_C_LANGUAGE_STANDARD = gnu11;
				GCC_DYNAMIC_NO_PIC = NO;
				GCC_NO_COMMON_BLOCKS = YES;
				GCC_OPTIMIZATION_LEVEL = 0;
				GCC_PREPROCESSOR_DEFINITIONS = (
					"DEBUG=1",
					"$(inherited)",
				);
				GCC_WARN_64_TO_32_BIT_CONVERSION = YES;
				GCC_WARN_ABOUT_RETURN_TYPE = YES_ERROR;
				GCC_WARN_UNDECLARED_SELECTOR = YES;
				GCC_WARN_UNINITIALIZED_AUTOS = YES_AGGRESSIVE;
				GCC_WARN_UNUSED_FUNCTION = YES;
				GCC_WARN_UNUSED_VARIABLE = YES;
				IPHONEOS_DEPLOYMENT_TARGET = 13.5;
				MTL_ENABLE_DEBUG_INFO = INCLUDE_SOURCE;
				MTL_FAST_MATH = YES;
				NEW_SETTING = "";
				ONLY_ACTIVE_ARCH = YES;
				SDKROOT = iphoneos;
				SWIFT_ACTIVE_COMPILATION_CONDITIONS = DEBUG;
				SWIFT_OPTIMIZATION_LEVEL = "-Onone";
			};
			name = Debug;
		};
		B3D70D5C248A2FEA00A1A247 /* Release */ = {
			isa = XCBuildConfiguration;
			buildSettings = {
				ALWAYS_SEARCH_USER_PATHS = NO;
				CLANG_ANALYZER_NONNULL = YES;
				CLANG_ANALYZER_NUMBER_OBJECT_CONVERSION = YES_AGGRESSIVE;
				CLANG_CXX_LANGUAGE_STANDARD = "gnu++14";
				CLANG_CXX_LIBRARY = "libc++";
				CLANG_ENABLE_MODULES = YES;
				CLANG_ENABLE_OBJC_ARC = YES;
				CLANG_ENABLE_OBJC_WEAK = YES;
				CLANG_WARN_BLOCK_CAPTURE_AUTORELEASING = YES;
				CLANG_WARN_BOOL_CONVERSION = YES;
				CLANG_WARN_COMMA = YES;
				CLANG_WARN_CONSTANT_CONVERSION = YES;
				CLANG_WARN_DEPRECATED_OBJC_IMPLEMENTATIONS = YES;
				CLANG_WARN_DIRECT_OBJC_ISA_USAGE = YES_ERROR;
				CLANG_WARN_DOCUMENTATION_COMMENTS = YES;
				CLANG_WARN_EMPTY_BODY = YES;
				CLANG_WARN_ENUM_CONVERSION = YES;
				CLANG_WARN_INFINITE_RECURSION = YES;
				CLANG_WARN_INT_CONVERSION = YES;
				CLANG_WARN_NON_LITERAL_NULL_CONVERSION = YES;
				CLANG_WARN_OBJC_IMPLICIT_RETAIN_SELF = YES;
				CLANG_WARN_OBJC_LITERAL_CONVERSION = YES;
				CLANG_WARN_OBJC_ROOT_CLASS = YES_ERROR;
				CLANG_WARN_RANGE_LOOP_ANALYSIS = YES;
				CLANG_WARN_STRICT_PROTOTYPES = YES;
				CLANG_WARN_SUSPICIOUS_MOVE = YES;
				CLANG_WARN_UNGUARDED_AVAILABILITY = YES_AGGRESSIVE;
				CLANG_WARN_UNREACHABLE_CODE = YES;
				CLANG_WARN__DUPLICATE_METHOD_MATCH = YES;
				COPY_PHASE_STRIP = NO;
				DEBUG_INFORMATION_FORMAT = "dwarf-with-dsym";
				ENABLE_BITCODE = YES;
				ENABLE_NS_ASSERTIONS = NO;
				ENABLE_STRICT_OBJC_MSGSEND = YES;
				GCC_C_LANGUAGE_STANDARD = gnu11;
				GCC_NO_COMMON_BLOCKS = YES;
				GCC_OPTIMIZATION_LEVEL = 0;
				GCC_WARN_64_TO_32_BIT_CONVERSION = YES;
				GCC_WARN_ABOUT_RETURN_TYPE = YES_ERROR;
				GCC_WARN_UNDECLARED_SELECTOR = YES;
				GCC_WARN_UNINITIALIZED_AUTOS = YES_AGGRESSIVE;
				GCC_WARN_UNUSED_FUNCTION = YES;
				GCC_WARN_UNUSED_VARIABLE = YES;
				IPHONEOS_DEPLOYMENT_TARGET = 13.5;
				MTL_ENABLE_DEBUG_INFO = NO;
				MTL_FAST_MATH = YES;
				NEW_SETTING = "";
				ONLY_ACTIVE_ARCH = NO;
				SDKROOT = iphoneos;
				SWIFT_COMPILATION_MODE = wholemodule;
				SWIFT_OPTIMIZATION_LEVEL = "-Onone";
				VALIDATE_PRODUCT = YES;
			};
			name = Release;
		};
		B3D70D5E248A2FEA00A1A247 /* Debug */ = {
			isa = XCBuildConfiguration;
			baseConfigurationReference = 772B200F161BFD4ECBE80FE3 /* Pods-Example.debug.xcconfig */;
			buildSettings = {
				ALWAYS_EMBED_SWIFT_STANDARD_LIBRARIES = YES;
				ASSETCATALOG_COMPILER_APPICON_NAME = AppIcon;
				CODE_SIGN_ENTITLEMENTS = Example/Example.entitlements;
				CODE_SIGN_IDENTITY = "Apple Development";
				CODE_SIGN_STYLE = Automatic;
				DEVELOPMENT_TEAM = TGF7B9R953;
				FRAMEWORK_SEARCH_PATHS = (
					"$(inherited)",
					"$(PROJECT_DIR)/Example",
					"$(PROJECT_DIR)",
				);
				INFOPLIST_FILE = Example/Info.plist;
				LD_RUNPATH_SEARCH_PATHS = (
					"$(inherited)",
					"@executable_path/Frameworks",
				);
				ONLY_ACTIVE_ARCH = YES;
				PRODUCT_BUNDLE_IDENTIFIER = pryv.Example;
				PRODUCT_NAME = Pryv;
				PROVISIONING_PROFILE_SPECIFIER = "";
				SWIFT_VERSION = 5.0;
				TARGETED_DEVICE_FAMILY = "1,2";
			};
			name = Debug;
		};
		B3D70D5F248A2FEA00A1A247 /* Release */ = {
			isa = XCBuildConfiguration;
			baseConfigurationReference = 54004467DC35232A77353A2B /* Pods-Example.release.xcconfig */;
			buildSettings = {
				ALWAYS_EMBED_SWIFT_STANDARD_LIBRARIES = YES;
				ASSETCATALOG_COMPILER_APPICON_NAME = AppIcon;
				CODE_SIGN_ENTITLEMENTS = Example/Example.entitlements;
				CODE_SIGN_IDENTITY = "Apple Development";
				CODE_SIGN_STYLE = Automatic;
				DEVELOPMENT_TEAM = TGF7B9R953;
				FRAMEWORK_SEARCH_PATHS = (
					"$(inherited)",
					"$(PROJECT_DIR)/Example",
					"$(PROJECT_DIR)",
				);
				GCC_OPTIMIZATION_LEVEL = 0;
				INFOPLIST_FILE = Example/Info.plist;
				LD_RUNPATH_SEARCH_PATHS = (
					"$(inherited)",
					"@executable_path/Frameworks",
				);
				PRODUCT_BUNDLE_IDENTIFIER = pryv.Example;
				PRODUCT_NAME = Pryv;
				PROVISIONING_PROFILE_SPECIFIER = "";
				SWIFT_OPTIMIZATION_LEVEL = "-Onone";
				SWIFT_VERSION = 5.0;
				TARGETED_DEVICE_FAMILY = "1,2";
			};
			name = Release;
		};
		B3D70D64248A2FEA00A1A247 /* Debug */ = {
			isa = XCBuildConfiguration;
			baseConfigurationReference = DAEF4E470F1F553D33800FD6 /* Pods-Example-ExampleUITests.debug.xcconfig */;
			buildSettings = {
				ALWAYS_EMBED_SWIFT_STANDARD_LIBRARIES = YES;
				CODE_SIGN_STYLE = Automatic;
				FRAMEWORK_SEARCH_PATHS = (
					"$(inherited)",
					"$(PROJECT_DIR)",
				);
				INFOPLIST_FILE = ExampleUITests/Info.plist;
				LD_RUNPATH_SEARCH_PATHS = (
					"$(inherited)",
					"@executable_path/Frameworks",
					"@loader_path/Frameworks",
				);
				PRODUCT_BUNDLE_IDENTIFIER = pryv.ExampleUITests;
				PRODUCT_NAME = "$(TARGET_NAME)";
				PROVISIONING_PROFILE = "";
				SWIFT_VERSION = 5.0;
				TARGETED_DEVICE_FAMILY = "1,2";
				TEST_TARGET_NAME = Example;
			};
			name = Debug;
		};
		B3D70D65248A2FEA00A1A247 /* Release */ = {
			isa = XCBuildConfiguration;
			baseConfigurationReference = 9AF8F58ECFD7961B806E0FDF /* Pods-Example-ExampleUITests.release.xcconfig */;
			buildSettings = {
				ALWAYS_EMBED_SWIFT_STANDARD_LIBRARIES = YES;
				CODE_SIGN_STYLE = Automatic;
				FRAMEWORK_SEARCH_PATHS = (
					"$(inherited)",
					"$(PROJECT_DIR)",
				);
				INFOPLIST_FILE = ExampleUITests/Info.plist;
				LD_RUNPATH_SEARCH_PATHS = (
					"$(inherited)",
					"@executable_path/Frameworks",
					"@loader_path/Frameworks",
				);
				PRODUCT_BUNDLE_IDENTIFIER = pryv.ExampleUITests;
				PRODUCT_NAME = "$(TARGET_NAME)";
				PROVISIONING_PROFILE = "";
				SWIFT_VERSION = 5.0;
				TARGETED_DEVICE_FAMILY = "1,2";
				TEST_TARGET_NAME = Example;
			};
			name = Release;
		};
/* End XCBuildConfiguration section */

/* Begin XCConfigurationList section */
		B3D70D2E248A2FE900A1A247 /* Build configuration list for PBXProject "Example" */ = {
			isa = XCConfigurationList;
			buildConfigurations = (
				B3D70D5B248A2FEA00A1A247 /* Debug */,
				B3D70D5C248A2FEA00A1A247 /* Release */,
			);
			defaultConfigurationIsVisible = 0;
			defaultConfigurationName = Release;
		};
		B3D70D5D248A2FEA00A1A247 /* Build configuration list for PBXNativeTarget "Example" */ = {
			isa = XCConfigurationList;
			buildConfigurations = (
				B3D70D5E248A2FEA00A1A247 /* Debug */,
				B3D70D5F248A2FEA00A1A247 /* Release */,
			);
			defaultConfigurationIsVisible = 0;
			defaultConfigurationName = Release;
		};
		B3D70D63248A2FEA00A1A247 /* Build configuration list for PBXNativeTarget "ExampleUITests" */ = {
			isa = XCConfigurationList;
			buildConfigurations = (
				B3D70D64248A2FEA00A1A247 /* Debug */,
				B3D70D65248A2FEA00A1A247 /* Release */,
			);
			defaultConfigurationIsVisible = 0;
			defaultConfigurationName = Release;
		};
/* End XCConfigurationList section */
	};
	rootObject = B3D70D2B248A2FE900A1A247 /* Project object */;
}
