// !$*UTF8*$!
{
	archiveVersion = 1;
	classes = {
	};
	objectVersion = 51;
	objects = {

/* Begin PBXBuildFile section */
		50E437EF67BCA6E67796267B /* Pods_PryvApiSwiftKitExampleTests.framework in Frameworks */ = {isa = PBXBuildFile; fileRef = 4454A9532A8D49A8DD920BFA /* Pods_PryvApiSwiftKitExampleTests.framework */; };
		62154DDB5CF82E74AA7A6EBA /* Pods_PryvApiSwiftKitExample_PryvApiSwiftKitExampleUITests.framework in Frameworks */ = {isa = PBXBuildFile; fileRef = 26F952A7FE25BB799E62E502 /* Pods_PryvApiSwiftKitExample_PryvApiSwiftKitExampleUITests.framework */; };
		B37A89F02490FE34000C0E72 /* GetEventsTableViewController.swift in Sources */ = {isa = PBXBuildFile; fileRef = B37A89EF2490FE34000C0E72 /* GetEventsTableViewController.swift */; };
		B37A89F224911A3F000C0E72 /* TextViewController.swift in Sources */ = {isa = PBXBuildFile; fileRef = B37A89F124911A3F000C0E72 /* TextViewController.swift */; };
		B3A756C124936BF9009A6958 /* AppUtils.swift in Sources */ = {isa = PBXBuildFile; fileRef = B3E03999249366D500B9DE6C /* AppUtils.swift */; };
		B3AF43482490BD4C0011839F /* ConnectionViewController.swift in Sources */ = {isa = PBXBuildFile; fileRef = B3AF43472490BD4C0011839F /* ConnectionViewController.swift */; };
		B3AF434A2490C6C20011839F /* CreateBatchTableViewController.swift in Sources */ = {isa = PBXBuildFile; fileRef = B3AF43492490C6C20011839F /* CreateBatchTableViewController.swift */; };
		B3B2FF92248A4A4E00F6D0A2 /* WebKit.framework in Frameworks */ = {isa = PBXBuildFile; fileRef = B3B2FF91248A4A4E00F6D0A2 /* WebKit.framework */; };
		B3C51E7C248A36B700F1D398 /* AuthViewController.swift in Sources */ = {isa = PBXBuildFile; fileRef = B3C51E7B248A36B700F1D398 /* AuthViewController.swift */; };
		B3D6FC9624924F3F00DB90D3 /* UIAlertController+newEventAlert.swift in Sources */ = {isa = PBXBuildFile; fileRef = B3D6FC9524924F3F00DB90D3 /* UIAlertController+newEventAlert.swift */; };
		B3D70D37248A2FE900A1A247 /* AppDelegate.swift in Sources */ = {isa = PBXBuildFile; fileRef = B3D70D36248A2FE900A1A247 /* AppDelegate.swift */; };
		B3D70D39248A2FE900A1A247 /* SceneDelegate.swift in Sources */ = {isa = PBXBuildFile; fileRef = B3D70D38248A2FE900A1A247 /* SceneDelegate.swift */; };
		B3D70D3B248A2FE900A1A247 /* MainViewController.swift in Sources */ = {isa = PBXBuildFile; fileRef = B3D70D3A248A2FE900A1A247 /* MainViewController.swift */; };
		B3D70D3E248A2FE900A1A247 /* Main.storyboard in Resources */ = {isa = PBXBuildFile; fileRef = B3D70D3C248A2FE900A1A247 /* Main.storyboard */; };
		B3D70D40248A2FEA00A1A247 /* Assets.xcassets in Resources */ = {isa = PBXBuildFile; fileRef = B3D70D3F248A2FEA00A1A247 /* Assets.xcassets */; };
		B3D70D43248A2FEA00A1A247 /* LaunchScreen.storyboard in Resources */ = {isa = PBXBuildFile; fileRef = B3D70D41248A2FEA00A1A247 /* LaunchScreen.storyboard */; };
		B3D70D59248A2FEA00A1A247 /* ServiceInfoUITests.swift in Sources */ = {isa = PBXBuildFile; fileRef = B3D70D58248A2FEA00A1A247 /* ServiceInfoUITests.swift */; };
		B3DDC0F02498B97D00789EDE /* UIAlertController+textDidChangeOnLoginAlert.swift in Sources */ = {isa = PBXBuildFile; fileRef = B3DDC0EF2498B97D00789EDE /* UIAlertController+textDidChangeOnLoginAlert.swift */; };
		B3E03997249355E000B9DE6C /* sample.pdf in Resources */ = {isa = PBXBuildFile; fileRef = B3E03996249355E000B9DE6C /* sample.pdf */; };
		B3E03998249355E000B9DE6C /* sample.pdf in Resources */ = {isa = PBXBuildFile; fileRef = B3E03996249355E000B9DE6C /* sample.pdf */; };
		B3E0399C24936A8000B9DE6C /* AppUtils.swift in Sources */ = {isa = PBXBuildFile; fileRef = B3E03999249366D500B9DE6C /* AppUtils.swift */; };
		B3E0399F24936AED00B9DE6C /* ConnectionUITests.swift in Sources */ = {isa = PBXBuildFile; fileRef = B3D6FC9724925EB000DB90D3 /* ConnectionUITests.swift */; };
		E92BFF5B5266B3F8D08AEB7C /* Pods_PryvApiSwiftKitExample.framework in Frameworks */ = {isa = PBXBuildFile; fileRef = 80FC4D399936A23F40FEBA87 /* Pods_PryvApiSwiftKitExample.framework */; };
/* End PBXBuildFile section */

/* Begin PBXContainerItemProxy section */
		B3D70D4A248A2FEA00A1A247 /* PBXContainerItemProxy */ = {
			isa = PBXContainerItemProxy;
			containerPortal = B3D70D2B248A2FE900A1A247 /* Project object */;
			proxyType = 1;
			remoteGlobalIDString = B3D70D32248A2FE900A1A247;
			remoteInfo = PryvApiSwiftKitExample;
		};
		B3D70D55248A2FEA00A1A247 /* PBXContainerItemProxy */ = {
			isa = PBXContainerItemProxy;
			containerPortal = B3D70D2B248A2FE900A1A247 /* Project object */;
			proxyType = 1;
			remoteGlobalIDString = B3D70D32248A2FE900A1A247;
			remoteInfo = PryvApiSwiftKitExample;
		};
/* End PBXContainerItemProxy section */

/* Begin PBXFileReference section */
		26F952A7FE25BB799E62E502 /* Pods_PryvApiSwiftKitExample_PryvApiSwiftKitExampleUITests.framework */ = {isa = PBXFileReference; explicitFileType = wrapper.framework; includeInIndex = 0; path = Pods_PryvApiSwiftKitExample_PryvApiSwiftKitExampleUITests.framework; sourceTree = BUILT_PRODUCTS_DIR; };
		3CCA3B259C26C8309E6D4E8B /* Pods-PryvApiSwiftKitExampleTests.debug.xcconfig */ = {isa = PBXFileReference; includeInIndex = 1; lastKnownFileType = text.xcconfig; name = "Pods-PryvApiSwiftKitExampleTests.debug.xcconfig"; path = "Target Support Files/Pods-PryvApiSwiftKitExampleTests/Pods-PryvApiSwiftKitExampleTests.debug.xcconfig"; sourceTree = "<group>"; };
		4454A9532A8D49A8DD920BFA /* Pods_PryvApiSwiftKitExampleTests.framework */ = {isa = PBXFileReference; explicitFileType = wrapper.framework; includeInIndex = 0; path = Pods_PryvApiSwiftKitExampleTests.framework; sourceTree = BUILT_PRODUCTS_DIR; };
		62F0DCAE726DE2BAF3D5D49C /* Pods-PryvApiSwiftKitExampleTests.release.xcconfig */ = {isa = PBXFileReference; includeInIndex = 1; lastKnownFileType = text.xcconfig; name = "Pods-PryvApiSwiftKitExampleTests.release.xcconfig"; path = "Target Support Files/Pods-PryvApiSwiftKitExampleTests/Pods-PryvApiSwiftKitExampleTests.release.xcconfig"; sourceTree = "<group>"; };
		80FC4D399936A23F40FEBA87 /* Pods_PryvApiSwiftKitExample.framework */ = {isa = PBXFileReference; explicitFileType = wrapper.framework; includeInIndex = 0; path = Pods_PryvApiSwiftKitExample.framework; sourceTree = BUILT_PRODUCTS_DIR; };
		8B06FB9299D02EEA48F6525C /* Pods-PryvApiSwiftKitExample.release.xcconfig */ = {isa = PBXFileReference; includeInIndex = 1; lastKnownFileType = text.xcconfig; name = "Pods-PryvApiSwiftKitExample.release.xcconfig"; path = "Target Support Files/Pods-PryvApiSwiftKitExample/Pods-PryvApiSwiftKitExample.release.xcconfig"; sourceTree = "<group>"; };
		984F657322C54AF158D2A458 /* Pods-PryvApiSwiftKitExample-PryvApiSwiftKitExampleUITests.release.xcconfig */ = {isa = PBXFileReference; includeInIndex = 1; lastKnownFileType = text.xcconfig; name = "Pods-PryvApiSwiftKitExample-PryvApiSwiftKitExampleUITests.release.xcconfig"; path = "Target Support Files/Pods-PryvApiSwiftKitExample-PryvApiSwiftKitExampleUITests/Pods-PryvApiSwiftKitExample-PryvApiSwiftKitExampleUITests.release.xcconfig"; sourceTree = "<group>"; };
		B37A89EF2490FE34000C0E72 /* GetEventsTableViewController.swift */ = {isa = PBXFileReference; lastKnownFileType = sourcecode.swift; path = GetEventsTableViewController.swift; sourceTree = "<group>"; };
		B37A89F124911A3F000C0E72 /* TextViewController.swift */ = {isa = PBXFileReference; lastKnownFileType = sourcecode.swift; path = TextViewController.swift; sourceTree = "<group>"; };
		B3A756C624938A18009A6958 /* PryvApiSwiftKitExampleDebug.entitlements */ = {isa = PBXFileReference; lastKnownFileType = text.plist.entitlements; path = PryvApiSwiftKitExampleDebug.entitlements; sourceTree = "<group>"; };
		B3AF43472490BD4C0011839F /* ConnectionViewController.swift */ = {isa = PBXFileReference; lastKnownFileType = sourcecode.swift; path = ConnectionViewController.swift; sourceTree = "<group>"; };
		B3AF43492490C6C20011839F /* CreateBatchTableViewController.swift */ = {isa = PBXFileReference; lastKnownFileType = sourcecode.swift; path = CreateBatchTableViewController.swift; sourceTree = "<group>"; };
		B3B2FF91248A4A4E00F6D0A2 /* WebKit.framework */ = {isa = PBXFileReference; lastKnownFileType = wrapper.framework; name = WebKit.framework; path = System/Library/Frameworks/WebKit.framework; sourceTree = SDKROOT; };
		B3C51E7B248A36B700F1D398 /* AuthViewController.swift */ = {isa = PBXFileReference; lastKnownFileType = sourcecode.swift; path = AuthViewController.swift; sourceTree = "<group>"; };
		B3D6FC9524924F3F00DB90D3 /* UIAlertController+newEventAlert.swift */ = {isa = PBXFileReference; lastKnownFileType = sourcecode.swift; path = "UIAlertController+newEventAlert.swift"; sourceTree = "<group>"; };
		B3D6FC9724925EB000DB90D3 /* ConnectionUITests.swift */ = {isa = PBXFileReference; lastKnownFileType = sourcecode.swift; path = ConnectionUITests.swift; sourceTree = "<group>"; };
		B3D70D33248A2FE900A1A247 /* PryvApiSwiftKitExample.app */ = {isa = PBXFileReference; explicitFileType = wrapper.application; includeInIndex = 0; path = PryvApiSwiftKitExample.app; sourceTree = BUILT_PRODUCTS_DIR; };
		B3D70D36248A2FE900A1A247 /* AppDelegate.swift */ = {isa = PBXFileReference; lastKnownFileType = sourcecode.swift; path = AppDelegate.swift; sourceTree = "<group>"; };
		B3D70D38248A2FE900A1A247 /* SceneDelegate.swift */ = {isa = PBXFileReference; lastKnownFileType = sourcecode.swift; path = SceneDelegate.swift; sourceTree = "<group>"; };
		B3D70D3A248A2FE900A1A247 /* MainViewController.swift */ = {isa = PBXFileReference; lastKnownFileType = sourcecode.swift; path = MainViewController.swift; sourceTree = "<group>"; };
		B3D70D3D248A2FE900A1A247 /* Base */ = {isa = PBXFileReference; lastKnownFileType = file.storyboard; name = Base; path = Base.lproj/Main.storyboard; sourceTree = "<group>"; };
		B3D70D3F248A2FEA00A1A247 /* Assets.xcassets */ = {isa = PBXFileReference; lastKnownFileType = folder.assetcatalog; path = Assets.xcassets; sourceTree = "<group>"; };
		B3D70D42248A2FEA00A1A247 /* Base */ = {isa = PBXFileReference; lastKnownFileType = file.storyboard; name = Base; path = Base.lproj/LaunchScreen.storyboard; sourceTree = "<group>"; };
		B3D70D44248A2FEA00A1A247 /* Info.plist */ = {isa = PBXFileReference; lastKnownFileType = text.plist.xml; path = Info.plist; sourceTree = "<group>"; };
		B3D70D49248A2FEA00A1A247 /* PryvApiSwiftKitExampleTests.xctest */ = {isa = PBXFileReference; explicitFileType = wrapper.cfbundle; includeInIndex = 0; path = PryvApiSwiftKitExampleTests.xctest; sourceTree = BUILT_PRODUCTS_DIR; };
		B3D70D4F248A2FEA00A1A247 /* Info.plist */ = {isa = PBXFileReference; lastKnownFileType = text.plist.xml; path = Info.plist; sourceTree = "<group>"; };
		B3D70D54248A2FEA00A1A247 /* PryvApiSwiftKitExampleUITests.xctest */ = {isa = PBXFileReference; explicitFileType = wrapper.cfbundle; includeInIndex = 0; path = PryvApiSwiftKitExampleUITests.xctest; sourceTree = BUILT_PRODUCTS_DIR; };
		B3D70D58248A2FEA00A1A247 /* ServiceInfoUITests.swift */ = {isa = PBXFileReference; lastKnownFileType = sourcecode.swift; path = ServiceInfoUITests.swift; sourceTree = "<group>"; };
		B3D70D5A248A2FEA00A1A247 /* Info.plist */ = {isa = PBXFileReference; lastKnownFileType = text.plist.xml; path = Info.plist; sourceTree = "<group>"; };
		B3DDC0EF2498B97D00789EDE /* UIAlertController+textDidChangeOnLoginAlert.swift */ = {isa = PBXFileReference; lastKnownFileType = sourcecode.swift; path = "UIAlertController+textDidChangeOnLoginAlert.swift"; sourceTree = "<group>"; };
		B3E03996249355E000B9DE6C /* sample.pdf */ = {isa = PBXFileReference; lastKnownFileType = image.pdf; path = sample.pdf; sourceTree = "<group>"; };
		B3E03999249366D500B9DE6C /* AppUtils.swift */ = {isa = PBXFileReference; lastKnownFileType = sourcecode.swift; path = AppUtils.swift; sourceTree = "<group>"; };
		C27011E2D62D89BB8FF369DB /* Pods-PryvApiSwiftKitExample.debug.xcconfig */ = {isa = PBXFileReference; includeInIndex = 1; lastKnownFileType = text.xcconfig; name = "Pods-PryvApiSwiftKitExample.debug.xcconfig"; path = "Target Support Files/Pods-PryvApiSwiftKitExample/Pods-PryvApiSwiftKitExample.debug.xcconfig"; sourceTree = "<group>"; };
		C6BEE5DD08C30C4669C6F023 /* Pods-PryvApiSwiftKitExample-PryvApiSwiftKitExampleUITests.debug.xcconfig */ = {isa = PBXFileReference; includeInIndex = 1; lastKnownFileType = text.xcconfig; name = "Pods-PryvApiSwiftKitExample-PryvApiSwiftKitExampleUITests.debug.xcconfig"; path = "Target Support Files/Pods-PryvApiSwiftKitExample-PryvApiSwiftKitExampleUITests/Pods-PryvApiSwiftKitExample-PryvApiSwiftKitExampleUITests.debug.xcconfig"; sourceTree = "<group>"; };
/* End PBXFileReference section */

/* Begin PBXFrameworksBuildPhase section */
		B3D70D30248A2FE900A1A247 /* Frameworks */ = {
			isa = PBXFrameworksBuildPhase;
			buildActionMask = 2147483647;
			files = (
				B3B2FF92248A4A4E00F6D0A2 /* WebKit.framework in Frameworks */,
				E92BFF5B5266B3F8D08AEB7C /* Pods_PryvApiSwiftKitExample.framework in Frameworks */,
			);
			runOnlyForDeploymentPostprocessing = 0;
		};
		B3D70D46248A2FEA00A1A247 /* Frameworks */ = {
			isa = PBXFrameworksBuildPhase;
			buildActionMask = 2147483647;
			files = (
				50E437EF67BCA6E67796267B /* Pods_PryvApiSwiftKitExampleTests.framework in Frameworks */,
			);
			runOnlyForDeploymentPostprocessing = 0;
		};
		B3D70D51248A2FEA00A1A247 /* Frameworks */ = {
			isa = PBXFrameworksBuildPhase;
			buildActionMask = 2147483647;
			files = (
				62154DDB5CF82E74AA7A6EBA /* Pods_PryvApiSwiftKitExample_PryvApiSwiftKitExampleUITests.framework in Frameworks */,
			);
			runOnlyForDeploymentPostprocessing = 0;
		};
/* End PBXFrameworksBuildPhase section */

/* Begin PBXGroup section */
		B30EECDE2492293B00BBFE8C /* Connection */ = {
			isa = PBXGroup;
			children = (
				B30EECDF2492294700BBFE8C /* ChildViews */,
				B3AF43472490BD4C0011839F /* ConnectionViewController.swift */,
			);
			path = Connection;
			sourceTree = "<group>";
		};
		B30EECDF2492294700BBFE8C /* ChildViews */ = {
			isa = PBXGroup;
			children = (
				B37A89F124911A3F000C0E72 /* TextViewController.swift */,
				B37A89EF2490FE34000C0E72 /* GetEventsTableViewController.swift */,
				B3AF43492490C6C20011839F /* CreateBatchTableViewController.swift */,
			);
			path = ChildViews;
			sourceTree = "<group>";
		};
		B3D6FC8C2492366700DB90D3 /* Utils */ = {
			isa = PBXGroup;
			children = (
				B3D6FC9524924F3F00DB90D3 /* UIAlertController+newEventAlert.swift */,
				B3DDC0EF2498B97D00789EDE /* UIAlertController+textDidChangeOnLoginAlert.swift */,
				B3E03999249366D500B9DE6C /* AppUtils.swift */,
			);
			path = Utils;
			sourceTree = "<group>";
		};
		B3D70D2A248A2FE900A1A247 = {
			isa = PBXGroup;
			children = (
				B3D70D35248A2FE900A1A247 /* PryvApiSwiftKitExample */,
				B3D70D4C248A2FEA00A1A247 /* PryvApiSwiftKitExampleTests */,
				B3D70D57248A2FEA00A1A247 /* PryvApiSwiftKitExampleUITests */,
				B3D70D34248A2FE900A1A247 /* Products */,
				E05F403CBE4B2B4059166F4D /* Pods */,
				B88ED49F10945DDBD3BF09CC /* Frameworks */,
			);
			sourceTree = "<group>";
		};
		B3D70D34248A2FE900A1A247 /* Products */ = {
			isa = PBXGroup;
			children = (
				B3D70D33248A2FE900A1A247 /* PryvApiSwiftKitExample.app */,
				B3D70D49248A2FEA00A1A247 /* PryvApiSwiftKitExampleTests.xctest */,
				B3D70D54248A2FEA00A1A247 /* PryvApiSwiftKitExampleUITests.xctest */,
			);
			name = Products;
			sourceTree = "<group>";
		};
		B3D70D35248A2FE900A1A247 /* PryvApiSwiftKitExample */ = {
			isa = PBXGroup;
			children = (
				B3A756C624938A18009A6958 /* PryvApiSwiftKitExampleDebug.entitlements */,
				B3D6FC8C2492366700DB90D3 /* Utils */,
				B30EECDE2492293B00BBFE8C /* Connection */,
				B3D70D36248A2FE900A1A247 /* AppDelegate.swift */,
				B3D70D38248A2FE900A1A247 /* SceneDelegate.swift */,
				B3D70D3A248A2FE900A1A247 /* MainViewController.swift */,
				B3C51E7B248A36B700F1D398 /* AuthViewController.swift */,
				B3D70D3C248A2FE900A1A247 /* Main.storyboard */,
				B3D70D3F248A2FEA00A1A247 /* Assets.xcassets */,
				B3D70D41248A2FEA00A1A247 /* LaunchScreen.storyboard */,
				B3D70D44248A2FEA00A1A247 /* Info.plist */,
			);
			path = PryvApiSwiftKitExample;
			sourceTree = "<group>";
		};
		B3D70D4C248A2FEA00A1A247 /* PryvApiSwiftKitExampleTests */ = {
			isa = PBXGroup;
			children = (
				B3D70D4F248A2FEA00A1A247 /* Info.plist */,
			);
			path = PryvApiSwiftKitExampleTests;
			sourceTree = "<group>";
		};
		B3D70D57248A2FEA00A1A247 /* PryvApiSwiftKitExampleUITests */ = {
			isa = PBXGroup;
			children = (
				B3E03996249355E000B9DE6C /* sample.pdf */,
				B3D70D58248A2FEA00A1A247 /* ServiceInfoUITests.swift */,
				B3D6FC9724925EB000DB90D3 /* ConnectionUITests.swift */,
				B3D70D5A248A2FEA00A1A247 /* Info.plist */,
			);
			path = PryvApiSwiftKitExampleUITests;
			sourceTree = "<group>";
		};
		B88ED49F10945DDBD3BF09CC /* Frameworks */ = {
			isa = PBXGroup;
			children = (
				B3B2FF91248A4A4E00F6D0A2 /* WebKit.framework */,
				80FC4D399936A23F40FEBA87 /* Pods_PryvApiSwiftKitExample.framework */,
				26F952A7FE25BB799E62E502 /* Pods_PryvApiSwiftKitExample_PryvApiSwiftKitExampleUITests.framework */,
				4454A9532A8D49A8DD920BFA /* Pods_PryvApiSwiftKitExampleTests.framework */,
			);
			name = Frameworks;
			sourceTree = "<group>";
		};
		E05F403CBE4B2B4059166F4D /* Pods */ = {
			isa = PBXGroup;
			children = (
				C27011E2D62D89BB8FF369DB /* Pods-PryvApiSwiftKitExample.debug.xcconfig */,
				8B06FB9299D02EEA48F6525C /* Pods-PryvApiSwiftKitExample.release.xcconfig */,
				C6BEE5DD08C30C4669C6F023 /* Pods-PryvApiSwiftKitExample-PryvApiSwiftKitExampleUITests.debug.xcconfig */,
				984F657322C54AF158D2A458 /* Pods-PryvApiSwiftKitExample-PryvApiSwiftKitExampleUITests.release.xcconfig */,
				3CCA3B259C26C8309E6D4E8B /* Pods-PryvApiSwiftKitExampleTests.debug.xcconfig */,
				62F0DCAE726DE2BAF3D5D49C /* Pods-PryvApiSwiftKitExampleTests.release.xcconfig */,
			);
			path = Pods;
			sourceTree = "<group>";
		};
/* End PBXGroup section */

/* Begin PBXNativeTarget section */
		B3D70D32248A2FE900A1A247 /* PryvApiSwiftKitExample */ = {
			isa = PBXNativeTarget;
			buildConfigurationList = B3D70D5D248A2FEA00A1A247 /* Build configuration list for PBXNativeTarget "PryvApiSwiftKitExample" */;
			buildPhases = (
				1346EBE9EB43DB8AAFC11F10 /* [CP] Check Pods Manifest.lock */,
				B3D70D2F248A2FE900A1A247 /* Sources */,
				B3D70D30248A2FE900A1A247 /* Frameworks */,
				B3D70D31248A2FE900A1A247 /* Resources */,
				2FDDF345D2BBC6456F6CCAAB /* [CP] Embed Pods Frameworks */,
			);
			buildRules = (
			);
			dependencies = (
			);
			name = PryvApiSwiftKitExample;
			productName = PryvApiSwiftKitExample;
			productReference = B3D70D33248A2FE900A1A247 /* PryvApiSwiftKitExample.app */;
			productType = "com.apple.product-type.application";
		};
		B3D70D48248A2FEA00A1A247 /* PryvApiSwiftKitExampleTests */ = {
			isa = PBXNativeTarget;
			buildConfigurationList = B3D70D60248A2FEA00A1A247 /* Build configuration list for PBXNativeTarget "PryvApiSwiftKitExampleTests" */;
			buildPhases = (
				0729FA27B4992280C57DDE39 /* [CP] Check Pods Manifest.lock */,
				B3D70D45248A2FEA00A1A247 /* Sources */,
				B3D70D46248A2FEA00A1A247 /* Frameworks */,
				B3D70D47248A2FEA00A1A247 /* Resources */,
			);
			buildRules = (
			);
			dependencies = (
				B3D70D4B248A2FEA00A1A247 /* PBXTargetDependency */,
			);
			name = PryvApiSwiftKitExampleTests;
			productName = PryvApiSwiftKitExampleTests;
			productReference = B3D70D49248A2FEA00A1A247 /* PryvApiSwiftKitExampleTests.xctest */;
			productType = "com.apple.product-type.bundle.unit-test";
		};
		B3D70D53248A2FEA00A1A247 /* PryvApiSwiftKitExampleUITests */ = {
			isa = PBXNativeTarget;
			buildConfigurationList = B3D70D63248A2FEA00A1A247 /* Build configuration list for PBXNativeTarget "PryvApiSwiftKitExampleUITests" */;
			buildPhases = (
				F1069C58082A0857AF0E9E23 /* [CP] Check Pods Manifest.lock */,
				B3D70D50248A2FEA00A1A247 /* Sources */,
				B3D70D51248A2FEA00A1A247 /* Frameworks */,
				B3D70D52248A2FEA00A1A247 /* Resources */,
				4CFF1CA3BFA67BE6AD5B372B /* [CP] Embed Pods Frameworks */,
			);
			buildRules = (
			);
			dependencies = (
				B3D70D56248A2FEA00A1A247 /* PBXTargetDependency */,
			);
			name = PryvApiSwiftKitExampleUITests;
			productName = PryvApiSwiftKitExampleUITests;
			productReference = B3D70D54248A2FEA00A1A247 /* PryvApiSwiftKitExampleUITests.xctest */;
			productType = "com.apple.product-type.bundle.ui-testing";
		};
/* End PBXNativeTarget section */

/* Begin PBXProject section */
		B3D70D2B248A2FE900A1A247 /* Project object */ = {
			isa = PBXProject;
			attributes = {
				LastSwiftUpdateCheck = 1150;
				LastUpgradeCheck = 1150;
				ORGANIZATIONNAME = Pryv;
				TargetAttributes = {
					B3D70D32248A2FE900A1A247 = {
						CreatedOnToolsVersion = 11.5;
					};
					B3D70D48248A2FEA00A1A247 = {
						CreatedOnToolsVersion = 11.5;
						TestTargetID = B3D70D32248A2FE900A1A247;
					};
					B3D70D53248A2FEA00A1A247 = {
						CreatedOnToolsVersion = 11.5;
						TestTargetID = B3D70D32248A2FE900A1A247;
					};
				};
			};
			buildConfigurationList = B3D70D2E248A2FE900A1A247 /* Build configuration list for PBXProject "PryvApiSwiftKitExample" */;
			compatibilityVersion = "Xcode 9.3";
			developmentRegion = en;
			hasScannedForEncodings = 0;
			knownRegions = (
				en,
				Base,
			);
			mainGroup = B3D70D2A248A2FE900A1A247;
			productRefGroup = B3D70D34248A2FE900A1A247 /* Products */;
			projectDirPath = "";
			projectRoot = "";
			targets = (
				B3D70D32248A2FE900A1A247 /* PryvApiSwiftKitExample */,
				B3D70D48248A2FEA00A1A247 /* PryvApiSwiftKitExampleTests */,
				B3D70D53248A2FEA00A1A247 /* PryvApiSwiftKitExampleUITests */,
			);
		};
/* End PBXProject section */

/* Begin PBXResourcesBuildPhase section */
		B3D70D31248A2FE900A1A247 /* Resources */ = {
			isa = PBXResourcesBuildPhase;
			buildActionMask = 2147483647;
			files = (
				B3E03997249355E000B9DE6C /* sample.pdf in Resources */,
				B3D70D43248A2FEA00A1A247 /* LaunchScreen.storyboard in Resources */,
				B3D70D40248A2FEA00A1A247 /* Assets.xcassets in Resources */,
				B3D70D3E248A2FE900A1A247 /* Main.storyboard in Resources */,
			);
			runOnlyForDeploymentPostprocessing = 0;
		};
		B3D70D47248A2FEA00A1A247 /* Resources */ = {
			isa = PBXResourcesBuildPhase;
			buildActionMask = 2147483647;
			files = (
			);
			runOnlyForDeploymentPostprocessing = 0;
		};
		B3D70D52248A2FEA00A1A247 /* Resources */ = {
			isa = PBXResourcesBuildPhase;
			buildActionMask = 2147483647;
			files = (
				B3E03998249355E000B9DE6C /* sample.pdf in Resources */,
			);
			runOnlyForDeploymentPostprocessing = 0;
		};
/* End PBXResourcesBuildPhase section */

/* Begin PBXShellScriptBuildPhase section */
		0729FA27B4992280C57DDE39 /* [CP] Check Pods Manifest.lock */ = {
			isa = PBXShellScriptBuildPhase;
			buildActionMask = 2147483647;
			files = (
			);
			inputFileListPaths = (
			);
			inputPaths = (
				"${PODS_PODFILE_DIR_PATH}/Podfile.lock",
				"${PODS_ROOT}/Manifest.lock",
			);
			name = "[CP] Check Pods Manifest.lock";
			outputFileListPaths = (
			);
			outputPaths = (
				"$(DERIVED_FILE_DIR)/Pods-PryvApiSwiftKitExampleTests-checkManifestLockResult.txt",
			);
			runOnlyForDeploymentPostprocessing = 0;
			shellPath = /bin/sh;
			shellScript = "diff \"${PODS_PODFILE_DIR_PATH}/Podfile.lock\" \"${PODS_ROOT}/Manifest.lock\" > /dev/null\nif [ $? != 0 ] ; then\n    # print error to STDERR\n    echo \"error: The sandbox is not in sync with the Podfile.lock. Run 'pod install' or update your CocoaPods installation.\" >&2\n    exit 1\nfi\n# This output is used by Xcode 'outputs' to avoid re-running this script phase.\necho \"SUCCESS\" > \"${SCRIPT_OUTPUT_FILE_0}\"\n";
			showEnvVarsInLog = 0;
		};
		1346EBE9EB43DB8AAFC11F10 /* [CP] Check Pods Manifest.lock */ = {
			isa = PBXShellScriptBuildPhase;
			buildActionMask = 2147483647;
			files = (
			);
			inputFileListPaths = (
			);
			inputPaths = (
				"${PODS_PODFILE_DIR_PATH}/Podfile.lock",
				"${PODS_ROOT}/Manifest.lock",
			);
			name = "[CP] Check Pods Manifest.lock";
			outputFileListPaths = (
			);
			outputPaths = (
				"$(DERIVED_FILE_DIR)/Pods-PryvApiSwiftKitExample-checkManifestLockResult.txt",
			);
			runOnlyForDeploymentPostprocessing = 0;
			shellPath = /bin/sh;
			shellScript = "diff \"${PODS_PODFILE_DIR_PATH}/Podfile.lock\" \"${PODS_ROOT}/Manifest.lock\" > /dev/null\nif [ $? != 0 ] ; then\n    # print error to STDERR\n    echo \"error: The sandbox is not in sync with the Podfile.lock. Run 'pod install' or update your CocoaPods installation.\" >&2\n    exit 1\nfi\n# This output is used by Xcode 'outputs' to avoid re-running this script phase.\necho \"SUCCESS\" > \"${SCRIPT_OUTPUT_FILE_0}\"\n";
			showEnvVarsInLog = 0;
		};
		2FDDF345D2BBC6456F6CCAAB /* [CP] Embed Pods Frameworks */ = {
			isa = PBXShellScriptBuildPhase;
			buildActionMask = 2147483647;
			files = (
			);
			inputFileListPaths = (
				"${PODS_ROOT}/Target Support Files/Pods-PryvApiSwiftKitExample/Pods-PryvApiSwiftKitExample-frameworks-${CONFIGURATION}-input-files.xcfilelist",
			);
			name = "[CP] Embed Pods Frameworks";
			outputFileListPaths = (
				"${PODS_ROOT}/Target Support Files/Pods-PryvApiSwiftKitExample/Pods-PryvApiSwiftKitExample-frameworks-${CONFIGURATION}-output-files.xcfilelist",
			);
			runOnlyForDeploymentPostprocessing = 0;
			shellPath = /bin/sh;
			shellScript = "\"${PODS_ROOT}/Target Support Files/Pods-PryvApiSwiftKitExample/Pods-PryvApiSwiftKitExample-frameworks.sh\"\n";
			showEnvVarsInLog = 0;
		};
		4CFF1CA3BFA67BE6AD5B372B /* [CP] Embed Pods Frameworks */ = {
			isa = PBXShellScriptBuildPhase;
			buildActionMask = 2147483647;
			files = (
			);
			inputFileListPaths = (
				"${PODS_ROOT}/Target Support Files/Pods-PryvApiSwiftKitExample-PryvApiSwiftKitExampleUITests/Pods-PryvApiSwiftKitExample-PryvApiSwiftKitExampleUITests-frameworks-${CONFIGURATION}-input-files.xcfilelist",
			);
			name = "[CP] Embed Pods Frameworks";
			outputFileListPaths = (
				"${PODS_ROOT}/Target Support Files/Pods-PryvApiSwiftKitExample-PryvApiSwiftKitExampleUITests/Pods-PryvApiSwiftKitExample-PryvApiSwiftKitExampleUITests-frameworks-${CONFIGURATION}-output-files.xcfilelist",
			);
			runOnlyForDeploymentPostprocessing = 0;
			shellPath = /bin/sh;
			shellScript = "\"${PODS_ROOT}/Target Support Files/Pods-PryvApiSwiftKitExample-PryvApiSwiftKitExampleUITests/Pods-PryvApiSwiftKitExample-PryvApiSwiftKitExampleUITests-frameworks.sh\"\n";
			showEnvVarsInLog = 0;
		};
		F1069C58082A0857AF0E9E23 /* [CP] Check Pods Manifest.lock */ = {
			isa = PBXShellScriptBuildPhase;
			buildActionMask = 2147483647;
			files = (
			);
			inputFileListPaths = (
			);
			inputPaths = (
				"${PODS_PODFILE_DIR_PATH}/Podfile.lock",
				"${PODS_ROOT}/Manifest.lock",
			);
			name = "[CP] Check Pods Manifest.lock";
			outputFileListPaths = (
			);
			outputPaths = (
				"$(DERIVED_FILE_DIR)/Pods-PryvApiSwiftKitExample-PryvApiSwiftKitExampleUITests-checkManifestLockResult.txt",
			);
			runOnlyForDeploymentPostprocessing = 0;
			shellPath = /bin/sh;
			shellScript = "diff \"${PODS_PODFILE_DIR_PATH}/Podfile.lock\" \"${PODS_ROOT}/Manifest.lock\" > /dev/null\nif [ $? != 0 ] ; then\n    # print error to STDERR\n    echo \"error: The sandbox is not in sync with the Podfile.lock. Run 'pod install' or update your CocoaPods installation.\" >&2\n    exit 1\nfi\n# This output is used by Xcode 'outputs' to avoid re-running this script phase.\necho \"SUCCESS\" > \"${SCRIPT_OUTPUT_FILE_0}\"\n";
			showEnvVarsInLog = 0;
		};
/* End PBXShellScriptBuildPhase section */

/* Begin PBXSourcesBuildPhase section */
		B3D70D2F248A2FE900A1A247 /* Sources */ = {
			isa = PBXSourcesBuildPhase;
			buildActionMask = 2147483647;
			files = (
				B37A89F02490FE34000C0E72 /* GetEventsTableViewController.swift in Sources */,
				B3DDC0F02498B97D00789EDE /* UIAlertController+textDidChangeOnLoginAlert.swift in Sources */,
				B3D70D3B248A2FE900A1A247 /* MainViewController.swift in Sources */,
				B3C51E7C248A36B700F1D398 /* AuthViewController.swift in Sources */,
				B3AF43482490BD4C0011839F /* ConnectionViewController.swift in Sources */,
				B3E0399C24936A8000B9DE6C /* AppUtils.swift in Sources */,
				B3D70D37248A2FE900A1A247 /* AppDelegate.swift in Sources */,
				B3AF434A2490C6C20011839F /* CreateBatchTableViewController.swift in Sources */,
				B3D70D39248A2FE900A1A247 /* SceneDelegate.swift in Sources */,
				B37A89F224911A3F000C0E72 /* TextViewController.swift in Sources */,
				B3D6FC9624924F3F00DB90D3 /* UIAlertController+newEventAlert.swift in Sources */,
			);
			runOnlyForDeploymentPostprocessing = 0;
		};
		B3D70D45248A2FEA00A1A247 /* Sources */ = {
			isa = PBXSourcesBuildPhase;
			buildActionMask = 2147483647;
			files = (
			);
			runOnlyForDeploymentPostprocessing = 0;
		};
		B3D70D50248A2FEA00A1A247 /* Sources */ = {
			isa = PBXSourcesBuildPhase;
			buildActionMask = 2147483647;
			files = (
				B3A756C124936BF9009A6958 /* AppUtils.swift in Sources */,
				B3D70D59248A2FEA00A1A247 /* ServiceInfoUITests.swift in Sources */,
				B3E0399F24936AED00B9DE6C /* ConnectionUITests.swift in Sources */,
			);
			runOnlyForDeploymentPostprocessing = 0;
		};
/* End PBXSourcesBuildPhase section */

/* Begin PBXTargetDependency section */
		B3D70D4B248A2FEA00A1A247 /* PBXTargetDependency */ = {
			isa = PBXTargetDependency;
			target = B3D70D32248A2FE900A1A247 /* PryvApiSwiftKitExample */;
			targetProxy = B3D70D4A248A2FEA00A1A247 /* PBXContainerItemProxy */;
		};
		B3D70D56248A2FEA00A1A247 /* PBXTargetDependency */ = {
			isa = PBXTargetDependency;
			target = B3D70D32248A2FE900A1A247 /* PryvApiSwiftKitExample */;
			targetProxy = B3D70D55248A2FEA00A1A247 /* PBXContainerItemProxy */;
		};
/* End PBXTargetDependency section */

/* Begin PBXVariantGroup section */
		B3D70D3C248A2FE900A1A247 /* Main.storyboard */ = {
			isa = PBXVariantGroup;
			children = (
				B3D70D3D248A2FE900A1A247 /* Base */,
			);
			name = Main.storyboard;
			sourceTree = "<group>";
		};
		B3D70D41248A2FEA00A1A247 /* LaunchScreen.storyboard */ = {
			isa = PBXVariantGroup;
			children = (
				B3D70D42248A2FEA00A1A247 /* Base */,
			);
			name = LaunchScreen.storyboard;
			sourceTree = "<group>";
		};
/* End PBXVariantGroup section */

/* Begin XCBuildConfiguration section */
		B3D70D5B248A2FEA00A1A247 /* Debug */ = {
			isa = XCBuildConfiguration;
			buildSettings = {
				ALWAYS_SEARCH_USER_PATHS = NO;
				CLANG_ANALYZER_NONNULL = YES;
				CLANG_ANALYZER_NUMBER_OBJECT_CONVERSION = YES_AGGRESSIVE;
				CLANG_CXX_LANGUAGE_STANDARD = "gnu++14";
				CLANG_CXX_LIBRARY = "libc++";
				CLANG_ENABLE_MODULES = YES;
				CLANG_ENABLE_OBJC_ARC = YES;
				CLANG_ENABLE_OBJC_WEAK = YES;
				CLANG_WARN_BLOCK_CAPTURE_AUTORELEASING = YES;
				CLANG_WARN_BOOL_CONVERSION = YES;
				CLANG_WARN_COMMA = YES;
				CLANG_WARN_CONSTANT_CONVERSION = YES;
				CLANG_WARN_DEPRECATED_OBJC_IMPLEMENTATIONS = YES;
				CLANG_WARN_DIRECT_OBJC_ISA_USAGE = YES_ERROR;
				CLANG_WARN_DOCUMENTATION_COMMENTS = YES;
				CLANG_WARN_EMPTY_BODY = YES;
				CLANG_WARN_ENUM_CONVERSION = YES;
				CLANG_WARN_INFINITE_RECURSION = YES;
				CLANG_WARN_INT_CONVERSION = YES;
				CLANG_WARN_NON_LITERAL_NULL_CONVERSION = YES;
				CLANG_WARN_OBJC_IMPLICIT_RETAIN_SELF = YES;
				CLANG_WARN_OBJC_LITERAL_CONVERSION = YES;
				CLANG_WARN_OBJC_ROOT_CLASS = YES_ERROR;
				CLANG_WARN_RANGE_LOOP_ANALYSIS = YES;
				CLANG_WARN_STRICT_PROTOTYPES = YES;
				CLANG_WARN_SUSPICIOUS_MOVE = YES;
				CLANG_WARN_UNGUARDED_AVAILABILITY = YES_AGGRESSIVE;
				CLANG_WARN_UNREACHABLE_CODE = YES;
				CLANG_WARN__DUPLICATE_METHOD_MATCH = YES;
				COPY_PHASE_STRIP = NO;
				DEBUG_INFORMATION_FORMAT = dwarf;
				ENABLE_STRICT_OBJC_MSGSEND = YES;
				ENABLE_TESTABILITY = YES;
				GCC_C_LANGUAGE_STANDARD = gnu11;
				GCC_DYNAMIC_NO_PIC = NO;
				GCC_NO_COMMON_BLOCKS = YES;
				GCC_OPTIMIZATION_LEVEL = 0;
				GCC_PREPROCESSOR_DEFINITIONS = (
					"DEBUG=1",
					"$(inherited)",
				);
				GCC_WARN_64_TO_32_BIT_CONVERSION = YES;
				GCC_WARN_ABOUT_RETURN_TYPE = YES_ERROR;
				GCC_WARN_UNDECLARED_SELECTOR = YES;
				GCC_WARN_UNINITIALIZED_AUTOS = YES_AGGRESSIVE;
				GCC_WARN_UNUSED_FUNCTION = YES;
				GCC_WARN_UNUSED_VARIABLE = YES;
				IPHONEOS_DEPLOYMENT_TARGET = 13.5;
				MTL_ENABLE_DEBUG_INFO = INCLUDE_SOURCE;
				MTL_FAST_MATH = YES;
				ONLY_ACTIVE_ARCH = YES;
				SDKROOT = iphoneos;
				SWIFT_ACTIVE_COMPILATION_CONDITIONS = DEBUG;
				SWIFT_OPTIMIZATION_LEVEL = "-Onone";
			};
			name = Debug;
		};
		B3D70D5C248A2FEA00A1A247 /* Release */ = {
			isa = XCBuildConfiguration;
			buildSettings = {
				ALWAYS_SEARCH_USER_PATHS = NO;
				CLANG_ANALYZER_NONNULL = YES;
				CLANG_ANALYZER_NUMBER_OBJECT_CONVERSION = YES_AGGRESSIVE;
				CLANG_CXX_LANGUAGE_STANDARD = "gnu++14";
				CLANG_CXX_LIBRARY = "libc++";
				CLANG_ENABLE_MODULES = YES;
				CLANG_ENABLE_OBJC_ARC = YES;
				CLANG_ENABLE_OBJC_WEAK = YES;
				CLANG_WARN_BLOCK_CAPTURE_AUTORELEASING = YES;
				CLANG_WARN_BOOL_CONVERSION = YES;
				CLANG_WARN_COMMA = YES;
				CLANG_WARN_CONSTANT_CONVERSION = YES;
				CLANG_WARN_DEPRECATED_OBJC_IMPLEMENTATIONS = YES;
				CLANG_WARN_DIRECT_OBJC_ISA_USAGE = YES_ERROR;
				CLANG_WARN_DOCUMENTATION_COMMENTS = YES;
				CLANG_WARN_EMPTY_BODY = YES;
				CLANG_WARN_ENUM_CONVERSION = YES;
				CLANG_WARN_INFINITE_RECURSION = YES;
				CLANG_WARN_INT_CONVERSION = YES;
				CLANG_WARN_NON_LITERAL_NULL_CONVERSION = YES;
				CLANG_WARN_OBJC_IMPLICIT_RETAIN_SELF = YES;
				CLANG_WARN_OBJC_LITERAL_CONVERSION = YES;
				CLANG_WARN_OBJC_ROOT_CLASS = YES_ERROR;
				CLANG_WARN_RANGE_LOOP_ANALYSIS = YES;
				CLANG_WARN_STRICT_PROTOTYPES = YES;
				CLANG_WARN_SUSPICIOUS_MOVE = YES;
				CLANG_WARN_UNGUARDED_AVAILABILITY = YES_AGGRESSIVE;
				CLANG_WARN_UNREACHABLE_CODE = YES;
				CLANG_WARN__DUPLICATE_METHOD_MATCH = YES;
				COPY_PHASE_STRIP = NO;
				DEBUG_INFORMATION_FORMAT = "dwarf-with-dsym";
				ENABLE_NS_ASSERTIONS = NO;
				ENABLE_STRICT_OBJC_MSGSEND = YES;
				GCC_C_LANGUAGE_STANDARD = gnu11;
				GCC_NO_COMMON_BLOCKS = YES;
				GCC_OPTIMIZATION_LEVEL = 0;
				GCC_WARN_64_TO_32_BIT_CONVERSION = YES;
				GCC_WARN_ABOUT_RETURN_TYPE = YES_ERROR;
				GCC_WARN_UNDECLARED_SELECTOR = YES;
				GCC_WARN_UNINITIALIZED_AUTOS = YES_AGGRESSIVE;
				GCC_WARN_UNUSED_FUNCTION = YES;
				GCC_WARN_UNUSED_VARIABLE = YES;
				IPHONEOS_DEPLOYMENT_TARGET = 13.5;
				MTL_ENABLE_DEBUG_INFO = NO;
				MTL_FAST_MATH = YES;
				ONLY_ACTIVE_ARCH = NO;
				SDKROOT = iphoneos;
				SWIFT_COMPILATION_MODE = wholemodule;
				SWIFT_OPTIMIZATION_LEVEL = "-Onone";
				VALIDATE_PRODUCT = YES;
			};
			name = Release;
		};
		B3D70D5E248A2FEA00A1A247 /* Debug */ = {
			isa = XCBuildConfiguration;
			baseConfigurationReference = C27011E2D62D89BB8FF369DB /* Pods-PryvApiSwiftKitExample.debug.xcconfig */;
			buildSettings = {
				ASSETCATALOG_COMPILER_APPICON_NAME = AppIcon;
				CODE_SIGN_ENTITLEMENTS = PryvApiSwiftKitExample/PryvApiSwiftKitExampleDebug.entitlements;
				CODE_SIGN_STYLE = Automatic;
				INFOPLIST_FILE = PryvApiSwiftKitExample/Info.plist;
				LD_RUNPATH_SEARCH_PATHS = (
					"$(inherited)",
					"@executable_path/Frameworks",
				);
				ONLY_ACTIVE_ARCH = YES;
				PRODUCT_BUNDLE_IDENTIFIER = pryv.PryvApiSwiftKitExample;
				PRODUCT_NAME = "$(TARGET_NAME)";
				SWIFT_VERSION = 5.0;
				TARGETED_DEVICE_FAMILY = "1,2";
			};
			name = Debug;
		};
		B3D70D5F248A2FEA00A1A247 /* Release */ = {
			isa = XCBuildConfiguration;
			baseConfigurationReference = 8B06FB9299D02EEA48F6525C /* Pods-PryvApiSwiftKitExample.release.xcconfig */;
			buildSettings = {
				ASSETCATALOG_COMPILER_APPICON_NAME = AppIcon;
				CODE_SIGN_STYLE = Automatic;
				GCC_OPTIMIZATION_LEVEL = 0;
				INFOPLIST_FILE = PryvApiSwiftKitExample/Info.plist;
				LD_RUNPATH_SEARCH_PATHS = (
					"$(inherited)",
					"@executable_path/Frameworks",
				);
				PRODUCT_BUNDLE_IDENTIFIER = pryv.PryvApiSwiftKitExample;
				PRODUCT_NAME = "$(TARGET_NAME)";
				SWIFT_OPTIMIZATION_LEVEL = "-Onone";
				SWIFT_VERSION = 5.0;
				TARGETED_DEVICE_FAMILY = "1,2";
			};
			name = Release;
		};
		B3D70D61248A2FEA00A1A247 /* Debug */ = {
			isa = XCBuildConfiguration;
			baseConfigurationReference = 3CCA3B259C26C8309E6D4E8B /* Pods-PryvApiSwiftKitExampleTests.debug.xcconfig */;
			buildSettings = {
				ALWAYS_EMBED_SWIFT_STANDARD_LIBRARIES = YES;
				BUNDLE_LOADER = "$(TEST_HOST)";
				CODE_SIGN_STYLE = Automatic;
				INFOPLIST_FILE = PryvApiSwiftKitExampleTests/Info.plist;
				IPHONEOS_DEPLOYMENT_TARGET = 13.5;
				LD_RUNPATH_SEARCH_PATHS = (
					"$(inherited)",
					"@executable_path/Frameworks",
					"@loader_path/Frameworks",
				);
				PRODUCT_BUNDLE_IDENTIFIER = pryv.PryvApiSwiftKitExampleTests;
				PRODUCT_NAME = "$(TARGET_NAME)";
				SWIFT_VERSION = 5.0;
				TARGETED_DEVICE_FAMILY = "1,2";
				TEST_HOST = "$(BUILT_PRODUCTS_DIR)/PryvApiSwiftKitExample.app/PryvApiSwiftKitExample";
			};
			name = Debug;
		};
		B3D70D62248A2FEA00A1A247 /* Release */ = {
			isa = XCBuildConfiguration;
			baseConfigurationReference = 62F0DCAE726DE2BAF3D5D49C /* Pods-PryvApiSwiftKitExampleTests.release.xcconfig */;
			buildSettings = {
				ALWAYS_EMBED_SWIFT_STANDARD_LIBRARIES = YES;
				BUNDLE_LOADER = "$(TEST_HOST)";
				CODE_SIGN_STYLE = Automatic;
				INFOPLIST_FILE = PryvApiSwiftKitExampleTests/Info.plist;
				IPHONEOS_DEPLOYMENT_TARGET = 13.5;
				LD_RUNPATH_SEARCH_PATHS = (
					"$(inherited)",
					"@executable_path/Frameworks",
					"@loader_path/Frameworks",
				);
				PRODUCT_BUNDLE_IDENTIFIER = pryv.PryvApiSwiftKitExampleTests;
				PRODUCT_NAME = "$(TARGET_NAME)";
				SWIFT_VERSION = 5.0;
				TARGETED_DEVICE_FAMILY = "1,2";
				TEST_HOST = "$(BUILT_PRODUCTS_DIR)/PryvApiSwiftKitExample.app/PryvApiSwiftKitExample";
			};
			name = Release;
		};
		B3D70D64248A2FEA00A1A247 /* Debug */ = {
			isa = XCBuildConfiguration;
			baseConfigurationReference = C6BEE5DD08C30C4669C6F023 /* Pods-PryvApiSwiftKitExample-PryvApiSwiftKitExampleUITests.debug.xcconfig */;
			buildSettings = {
				ALWAYS_EMBED_SWIFT_STANDARD_LIBRARIES = YES;
				CODE_SIGN_STYLE = Automatic;
				INFOPLIST_FILE = PryvApiSwiftKitExampleUITests/Info.plist;
				LD_RUNPATH_SEARCH_PATHS = (
					"$(inherited)",
					"@executable_path/Frameworks",
					"@loader_path/Frameworks",
				);
				PRODUCT_BUNDLE_IDENTIFIER = pryv.PryvApiSwiftKitExampleUITests;
				PRODUCT_NAME = "$(TARGET_NAME)";
				SWIFT_VERSION = 5.0;
				TARGETED_DEVICE_FAMILY = "1,2";
				TEST_TARGET_NAME = PryvApiSwiftKitExample;
			};
			name = Debug;
		};
		B3D70D65248A2FEA00A1A247 /* Release */ = {
			isa = XCBuildConfiguration;
			baseConfigurationReference = 984F657322C54AF158D2A458 /* Pods-PryvApiSwiftKitExample-PryvApiSwiftKitExampleUITests.release.xcconfig */;
			buildSettings = {
				ALWAYS_EMBED_SWIFT_STANDARD_LIBRARIES = YES;
				CODE_SIGN_STYLE = Automatic;
				INFOPLIST_FILE = PryvApiSwiftKitExampleUITests/Info.plist;
				LD_RUNPATH_SEARCH_PATHS = (
					"$(inherited)",
					"@executable_path/Frameworks",
					"@loader_path/Frameworks",
				);
				PRODUCT_BUNDLE_IDENTIFIER = pryv.PryvApiSwiftKitExampleUITests;
				PRODUCT_NAME = "$(TARGET_NAME)";
				SWIFT_VERSION = 5.0;
				TARGETED_DEVICE_FAMILY = "1,2";
				TEST_TARGET_NAME = PryvApiSwiftKitExample;
			};
			name = Release;
		};
/* End XCBuildConfiguration section */

/* Begin XCConfigurationList section */
		B3D70D2E248A2FE900A1A247 /* Build configuration list for PBXProject "PryvApiSwiftKitExample" */ = {
			isa = XCConfigurationList;
			buildConfigurations = (
				B3D70D5B248A2FEA00A1A247 /* Debug */,
				B3D70D5C248A2FEA00A1A247 /* Release */,
			);
			defaultConfigurationIsVisible = 0;
			defaultConfigurationName = Release;
		};
		B3D70D5D248A2FEA00A1A247 /* Build configuration list for PBXNativeTarget "PryvApiSwiftKitExample" */ = {
			isa = XCConfigurationList;
			buildConfigurations = (
				B3D70D5E248A2FEA00A1A247 /* Debug */,
				B3D70D5F248A2FEA00A1A247 /* Release */,
			);
			defaultConfigurationIsVisible = 0;
			defaultConfigurationName = Release;
		};
		B3D70D60248A2FEA00A1A247 /* Build configuration list for PBXNativeTarget "PryvApiSwiftKitExampleTests" */ = {
			isa = XCConfigurationList;
			buildConfigurations = (
				B3D70D61248A2FEA00A1A247 /* Debug */,
				B3D70D62248A2FEA00A1A247 /* Release */,
			);
			defaultConfigurationIsVisible = 0;
			defaultConfigurationName = Release;
		};
		B3D70D63248A2FEA00A1A247 /* Build configuration list for PBXNativeTarget "PryvApiSwiftKitExampleUITests" */ = {
			isa = XCConfigurationList;
			buildConfigurations = (
				B3D70D64248A2FEA00A1A247 /* Debug */,
				B3D70D65248A2FEA00A1A247 /* Release */,
			);
			defaultConfigurationIsVisible = 0;
			defaultConfigurationName = Release;
		};
/* End XCConfigurationList section */
	};
	rootObject = B3D70D2B248A2FE900A1A247 /* Project object */;
}
